{
  "version": 4,
  "terraform_version": "1.5.3",
  "serial": 771,
  "lineage": "3df40bea-2adf-6060-c050-96f3ccf0e1d1",
  "outputs": {
    "ecscl": {
      "value": "arn:aws:ecs:me-central-1:996404169526:cluster/ProdCluster",
      "type": "string"
    },
    "lb_sg": {
      "value": {
        "arns": [
          "arn:aws:ec2:me-central-1:996404169526:security-group/sg-0763406322025925a"
        ],
        "filter": [
          {
            "name": "vpc-id",
            "values": [
              "vpc-02fbd859e9353176a"
            ]
          }
        ],
        "id": "me-central-1",
        "ids": [
          "sg-0763406322025925a"
        ],
        "tags": {
          "Env": "Preview",
          "Name": "secgrp-ALP-preview"
        },
        "timeouts": null,
        "vpc_ids": [
          "vpc-02fbd859e9353176a"
        ]
      },
      "type": [
        "object",
        {
          "arns": [
            "list",
            "string"
          ],
          "filter": [
            "set",
            [
              "object",
              {
                "name": "string",
                "values": [
                  "list",
                  "string"
                ]
              }
            ]
          ],
          "id": "string",
          "ids": [
            "list",
            "string"
          ],
          "tags": [
            "map",
            "string"
          ],
          "timeouts": [
            "object",
            {
              "read": "string"
            }
          ],
          "vpc_ids": [
            "list",
            "string"
          ]
        }
      ]
    },
    "priv-subs": {
      "value": [
        "subnet-0fd27e546e83a21e3",
        "subnet-0106d7b7dd47ddfbd"
      ],
      "type": [
        "list",
        "string"
      ]
    },
    "sg-backend": {
      "value": {
        "arns": [
          "arn:aws:ec2:me-central-1:996404169526:security-group/sg-0240e12aed92886ce"
        ],
        "filter": null,
        "id": "me-central-1",
        "ids": [
          "sg-0240e12aed92886ce"
        ],
        "tags": {
          "Name": "secgrp-backend-preview"
        },
        "timeouts": null,
        "vpc_ids": [
          "vpc-02fbd859e9353176a"
        ]
      },
      "type": [
        "object",
        {
          "arns": [
            "list",
            "string"
          ],
          "filter": [
            "set",
            [
              "object",
              {
                "name": "string",
                "values": [
                  "list",
                  "string"
                ]
              }
            ]
          ],
          "id": "string",
          "ids": [
            "list",
            "string"
          ],
          "tags": [
            "map",
            "string"
          ],
          "timeouts": [
            "object",
            {
              "read": "string"
            }
          ],
          "vpc_ids": [
            "list",
            "string"
          ]
        }
      ]
    },
    "sg-frontend": {
      "value": {
        "arns": [
          "arn:aws:ec2:me-central-1:996404169526:security-group/sg-08b19c2125a16972b"
        ],
        "filter": null,
        "id": "me-central-1",
        "ids": [
          "sg-08b19c2125a16972b"
        ],
        "tags": {
          "Name": "secgrp-frontend-preview"
        },
        "timeouts": null,
        "vpc_ids": [
          "vpc-02fbd859e9353176a"
        ]
      },
      "type": [
        "object",
        {
          "arns": [
            "list",
            "string"
          ],
          "filter": [
            "set",
            [
              "object",
              {
                "name": "string",
                "values": [
                  "list",
                  "string"
                ]
              }
            ]
          ],
          "id": "string",
          "ids": [
            "list",
            "string"
          ],
          "tags": [
            "map",
            "string"
          ],
          "timeouts": [
            "object",
            {
              "read": "string"
            }
          ],
          "vpc_ids": [
            "list",
            "string"
          ]
        }
      ]
    },
    "subs": {
      "value": [
        "subnet-0546331049ea2ea9c",
        "subnet-0b78c4258e48d3666"
      ],
      "type": [
        "list",
        "string"
      ]
    },
    "task-def-backend": {
      "value": {
        "arn": "arn:aws:ecs:me-central-1:996404169526:task-definition/preview-backend:17",
        "arn_without_revision": "arn:aws:ecs:me-central-1:996404169526:task-definition/preview-backend",
        "execution_role_arn": "arn:aws:iam::996404169526:role/ecsTaskExecutionRole",
        "family": "preview-backend",
        "id": "arn:aws:ecs:me-central-1:996404169526:task-definition/preview-backend:17",
        "network_mode": "awsvpc",
        "revision": 17,
        "status": "ACTIVE",
        "task_definition": "preview-backend",
        "task_role_arn": "arn:aws:iam::996404169526:role/ecs-exec-preview-task-role"
      },
      "type": [
        "object",
        {
          "arn": "string",
          "arn_without_revision": "string",
          "execution_role_arn": "string",
          "family": "string",
          "id": "string",
          "network_mode": "string",
          "revision": "number",
          "status": "string",
          "task_definition": "string",
          "task_role_arn": "string"
        }
      ]
    },
    "task-def-frontend": {
      "value": {
        "arn": "arn:aws:ecs:me-central-1:996404169526:task-definition/preview-frontend:2",
        "arn_without_revision": "arn:aws:ecs:me-central-1:996404169526:task-definition/preview-frontend",
        "execution_role_arn": "arn:aws:iam::996404169526:role/ecsTaskExecutionRole",
        "family": "preview-frontend",
        "id": "arn:aws:ecs:me-central-1:996404169526:task-definition/preview-frontend:2",
        "network_mode": "awsvpc",
        "revision": 2,
        "status": "ACTIVE",
        "task_definition": "preview-frontend",
        "task_role_arn": ""
      },
      "type": [
        "object",
        {
          "arn": "string",
          "arn_without_revision": "string",
          "execution_role_arn": "string",
          "family": "string",
          "id": "string",
          "network_mode": "string",
          "revision": "number",
          "status": "string",
          "task_definition": "string",
          "task_role_arn": "string"
        }
      ]
    },
    "vol-apache": {
      "value": "fs-05e09f681af78e521",
      "type": "string"
    },
    "vpcs": {
      "value": [
        "vpc-02fbd859e9353176a"
      ],
      "type": [
        "list",
        "string"
      ]
    }
  },
  "resources": [
    {
      "mode": "data",
      "type": "aws_ecs_cluster",
      "name": "ecs-cluster",
      "provider": "provider[\"registry.terraform.io/hashicorp/aws\"]",
      "instances": [
        {
          "schema_version": 0,
          "attributes": {
            "arn": "arn:aws:ecs:me-central-1:996404169526:cluster/ProdCluster",
            "cluster_name": "ProdCluster",
            "id": "arn:aws:ecs:me-central-1:996404169526:cluster/ProdCluster",
            "pending_tasks_count": 0,
            "registered_container_instances_count": 0,
            "running_tasks_count": 4,
            "service_connect_defaults": [],
            "setting": [
              {
                "name": "containerInsights",
                "value": "disabled"
              }
            ],
            "status": "ACTIVE",
            "tags": {
              "Env": "Production"
            }
          },
          "sensitive_attributes": []
        }
      ]
    },
    {
      "mode": "data",
      "type": "aws_ecs_task_definition",
      "name": "preview-backend",
      "provider": "provider[\"registry.terraform.io/hashicorp/aws\"]",
      "instances": [
        {
          "schema_version": 0,
          "attributes": {
            "arn": "arn:aws:ecs:me-central-1:996404169526:task-definition/preview-backend:17",
            "arn_without_revision": "arn:aws:ecs:me-central-1:996404169526:task-definition/preview-backend",
            "execution_role_arn": "arn:aws:iam::996404169526:role/ecsTaskExecutionRole",
            "family": "preview-backend",
            "id": "arn:aws:ecs:me-central-1:996404169526:task-definition/preview-backend:17",
            "network_mode": "awsvpc",
            "revision": 17,
            "status": "ACTIVE",
            "task_definition": "preview-backend",
            "task_role_arn": "arn:aws:iam::996404169526:role/ecs-exec-preview-task-role"
          },
          "sensitive_attributes": []
        }
      ]
    },
    {
      "mode": "data",
      "type": "aws_ecs_task_definition",
      "name": "preview-frontend",
      "provider": "provider[\"registry.terraform.io/hashicorp/aws\"]",
      "instances": [
        {
          "schema_version": 0,
          "attributes": {
            "arn": "arn:aws:ecs:me-central-1:996404169526:task-definition/preview-frontend:2",
            "arn_without_revision": "arn:aws:ecs:me-central-1:996404169526:task-definition/preview-frontend",
            "execution_role_arn": "arn:aws:iam::996404169526:role/ecsTaskExecutionRole",
            "family": "preview-frontend",
            "id": "arn:aws:ecs:me-central-1:996404169526:task-definition/preview-frontend:2",
            "network_mode": "awsvpc",
            "revision": 2,
            "status": "ACTIVE",
            "task_definition": "preview-frontend",
            "task_role_arn": ""
          },
          "sensitive_attributes": []
        }
      ]
    },
    {
      "mode": "data",
      "type": "aws_efs_file_system",
      "name": "volume-apache",
      "provider": "provider[\"registry.terraform.io/hashicorp/aws\"]",
      "instances": [
        {
          "schema_version": 0,
          "attributes": {
            "arn": "arn:aws:elasticfilesystem:me-central-1:996404169526:file-system/fs-05e09f681af78e521",
            "availability_zone_id": "",
            "availability_zone_name": "",
            "creation_token": "preview-apache-efs",
            "dns_name": "fs-05e09f681af78e521.efs.me-central-1.amazonaws.com",
            "encrypted": true,
            "file_system_id": "fs-05e09f681af78e521",
            "id": "fs-05e09f681af78e521",
            "kms_key_id": "arn:aws:kms:me-central-1:996404169526:key/dffc45bf-b023-4ce0-9f2f-aad86d3e0892",
            "lifecycle_policy": [],
            "performance_mode": "generalPurpose",
            "provisioned_throughput_in_mibps": 0,
            "size_in_bytes": 6144,
            "tags": {
              "Environment": "preview",
              "Name": "preview-apache"
            },
            "throughput_mode": "bursting"
          },
          "sensitive_attributes": []
        }
      ]
    },
    {
      "mode": "data",
      "type": "aws_efs_file_system",
      "name": "volume-uploads",
      "provider": "provider[\"registry.terraform.io/hashicorp/aws\"]",
      "instances": [
        {
          "schema_version": 0,
          "attributes": {
            "arn": "arn:aws:elasticfilesystem:me-central-1:996404169526:file-system/fs-06ef6dbaa5115cbcb",
            "availability_zone_id": "",
            "availability_zone_name": "",
            "creation_token": "preview-uploads-efs",
            "dns_name": "fs-06ef6dbaa5115cbcb.efs.me-central-1.amazonaws.com",
            "encrypted": true,
            "file_system_id": "fs-06ef6dbaa5115cbcb",
            "id": "fs-06ef6dbaa5115cbcb",
            "kms_key_id": "arn:aws:kms:me-central-1:996404169526:key/dffc45bf-b023-4ce0-9f2f-aad86d3e0892",
            "lifecycle_policy": [],
            "performance_mode": "generalPurpose",
            "provisioned_throughput_in_mibps": 0,
            "size_in_bytes": 6144,
            "tags": {
              "Environment": "preview",
              "Name": "preview-uploads"
            },
            "throughput_mode": "bursting"
          },
          "sensitive_attributes": []
        }
      ]
    },
    {
      "mode": "data",
      "type": "aws_iam_role",
      "name": "execution-role",
      "provider": "provider[\"registry.terraform.io/hashicorp/aws\"]",
      "instances": [
        {
          "schema_version": 0,
          "attributes": {
            "arn": "arn:aws:iam::996404169526:role/ecsTaskExecutionRole",
            "assume_role_policy": "{\"Version\":\"2008-10-17\",\"Statement\":[{\"Sid\":\"\",\"Effect\":\"Allow\",\"Principal\":{\"Service\":\"ecs-tasks.amazonaws.com\"},\"Action\":\"sts:AssumeRole\"}]}",
            "create_date": "2023-04-07T14:56:22Z",
            "description": "",
            "id": "ecsTaskExecutionRole",
            "max_session_duration": 3600,
            "name": "ecsTaskExecutionRole",
            "path": "/",
            "permissions_boundary": "",
            "role_last_used": [
              {
                "last_used_date": "2023-07-27T10:14:35Z",
                "region": "me-central-1"
              }
            ],
            "tags": {},
            "unique_id": "AROA6P7SRBM3J3V3QCLLS"
          },
          "sensitive_attributes": []
        }
      ]
    },
    {
      "mode": "data",
      "type": "aws_route53_zone",
      "name": "zone",
      "provider": "provider[\"registry.terraform.io/hashicorp/aws\"]",
      "instances": [
        {
          "schema_version": 0,
          "attributes": {
            "arn": "arn:aws:route53:::hostedzone/Z060870131HBCJHPPDLWH",
            "caller_reference": "3421e722-af51-4448-8878-ebf63605bb54",
            "comment": "the hosted zone is used to directing the traffic to the loadbalancer which is in turn directs the traffic to the right instance",
            "id": "Z060870131HBCJHPPDLWH",
            "linked_service_description": null,
            "linked_service_principal": null,
            "name": "tahara.sa",
            "name_servers": [
              "ns-1957.awsdns-52.co.uk",
              "ns-723.awsdns-26.net",
              "ns-206.awsdns-25.com",
              "ns-1073.awsdns-06.org"
            ],
            "primary_name_server": "ns-1957.awsdns-52.co.uk",
            "private_zone": false,
            "resource_record_set_count": 11,
            "tags": {},
            "vpc_id": null,
            "zone_id": "Z060870131HBCJHPPDLWH"
          },
          "sensitive_attributes": []
        }
      ]
    },
    {
      "mode": "data",
      "type": "aws_security_group",
      "name": "secgrp-RDS-testing",
      "provider": "provider[\"registry.terraform.io/hashicorp/aws\"]",
      "instances": [
        {
          "schema_version": 0,
          "attributes": {
            "arn": "arn:aws:ec2:me-central-1:996404169526:security-group/sg-0b7f30c646fa09ab3",
            "description": "Security group attached to tahara-master to allow EC2 instances with specific security groups attached to connect to the database. Modification could lead to connection loss.",
            "filter": null,
            "id": "sg-0b7f30c646fa09ab3",
            "name": "rds-ec2-1",
            "tags": {},
            "timeouts": null,
            "vpc_id": "vpc-02fbd859e9353176a"
          },
          "sensitive_attributes": []
        }
      ]
    },
    {
      "mode": "data",
      "type": "aws_security_group",
      "name": "secgrp-REDIS-testing",
      "provider": "provider[\"registry.terraform.io/hashicorp/aws\"]",
      "instances": [
        {
          "schema_version": 0,
          "attributes": {
            "arn": "arn:aws:ec2:me-central-1:996404169526:security-group/sg-0c2f4ed74feba0757",
            "description": "allow staging backend to access this redis",
            "filter": null,
            "id": "sg-0c2f4ed74feba0757",
            "name": "redis-staging",
            "tags": {},
            "timeouts": null,
            "vpc_id": "vpc-02fbd859e9353176a"
          },
          "sensitive_attributes": []
        }
      ]
    },
    {
      "mode": "data",
      "type": "aws_security_groups",
      "name": "lb_sg",
      "provider": "provider[\"registry.terraform.io/hashicorp/aws\"]",
      "instances": [
        {
          "schema_version": 0,
          "attributes": {
            "arns": [
              "arn:aws:ec2:me-central-1:996404169526:security-group/sg-0763406322025925a"
            ],
            "filter": [
              {
                "name": "vpc-id",
                "values": [
                  "vpc-02fbd859e9353176a"
                ]
              }
            ],
            "id": "me-central-1",
            "ids": [
              "sg-0763406322025925a"
            ],
            "tags": {
              "Env": "Preview",
              "Name": "secgrp-ALP-preview"
            },
            "timeouts": null,
            "vpc_ids": [
              "vpc-02fbd859e9353176a"
            ]
          },
          "sensitive_attributes": []
        }
      ]
    },
    {
      "mode": "data",
      "type": "aws_security_groups",
      "name": "secgrp-backend-preview",
      "provider": "provider[\"registry.terraform.io/hashicorp/aws\"]",
      "instances": [
        {
          "schema_version": 0,
          "attributes": {
            "arns": [
              "arn:aws:ec2:me-central-1:996404169526:security-group/sg-0240e12aed92886ce"
            ],
            "filter": null,
            "id": "me-central-1",
            "ids": [
              "sg-0240e12aed92886ce"
            ],
            "tags": {
              "Name": "secgrp-backend-preview"
            },
            "timeouts": null,
            "vpc_ids": [
              "vpc-02fbd859e9353176a"
            ]
          },
          "sensitive_attributes": []
        }
      ]
    },
    {
      "mode": "data",
      "type": "aws_security_groups",
      "name": "secgrp-frontend-preview",
      "provider": "provider[\"registry.terraform.io/hashicorp/aws\"]",
      "instances": [
        {
          "schema_version": 0,
          "attributes": {
            "arns": [
              "arn:aws:ec2:me-central-1:996404169526:security-group/sg-08b19c2125a16972b"
            ],
            "filter": null,
            "id": "me-central-1",
            "ids": [
              "sg-08b19c2125a16972b"
            ],
            "tags": {
              "Name": "secgrp-frontend-preview"
            },
            "timeouts": null,
            "vpc_ids": [
              "vpc-02fbd859e9353176a"
            ]
          },
          "sensitive_attributes": []
        }
      ]
    },
    {
      "mode": "data",
      "type": "aws_subnets",
      "name": "priv-subs",
      "provider": "provider[\"registry.terraform.io/hashicorp/aws\"]",
      "instances": [
        {
          "schema_version": 0,
          "attributes": {
            "filter": [
              {
                "name": "vpc-id",
                "values": [
                  "vpc-02fbd859e9353176a"
                ]
              }
            ],
            "id": "me-central-1",
            "ids": [
              "subnet-0fd27e546e83a21e3",
              "subnet-0106d7b7dd47ddfbd"
            ],
            "tags": {
              "Type": "Private"
            },
            "timeouts": null
          },
          "sensitive_attributes": []
        }
      ]
    },
    {
      "mode": "data",
      "type": "aws_subnets",
      "name": "subs",
      "provider": "provider[\"registry.terraform.io/hashicorp/aws\"]",
      "instances": [
        {
          "schema_version": 0,
          "attributes": {
            "filter": [
              {
                "name": "vpc-id",
                "values": [
                  "vpc-02fbd859e9353176a"
                ]
              }
            ],
            "id": "me-central-1",
            "ids": [
              "subnet-0546331049ea2ea9c",
              "subnet-0b78c4258e48d3666"
            ],
            "tags": {
              "Type": "Public"
            },
            "timeouts": null
          },
          "sensitive_attributes": []
        }
      ]
    },
    {
      "mode": "data",
      "type": "aws_vpcs",
      "name": "vpcs",
      "provider": "provider[\"registry.terraform.io/hashicorp/aws\"]",
      "instances": [
        {
          "schema_version": 0,
          "attributes": {
            "filter": null,
            "id": "me-central-1",
            "ids": [
              "vpc-02fbd859e9353176a"
            ],
            "tags": {
              "name": "tahara"
            },
            "timeouts": null
          },
          "sensitive_attributes": []
        }
      ]
    },
    {
      "mode": "managed",
      "type": "aws_acm_certificate",
      "name": "preview-cert",
      "provider": "provider[\"registry.terraform.io/hashicorp/aws\"]",
      "instances": [
        {
          "schema_version": 0,
          "attributes": {
            "arn": "arn:aws:acm:me-central-1:996404169526:certificate/fbf9d53f-7bd8-48d4-91a8-0c260f263e36",
            "certificate_authority_arn": "",
            "certificate_body": "-----BEGIN CERTIFICATE-----\nMIIETjCCAzagAwIBAgISBHbxVHw4JE+AFwS7m0a0X4V5MA0GCSqGSIb3DQEBCwUA\nMDIxCzAJBgNVBAYTAlVTMRYwFAYDVQQKEw1MZXQncyBFbmNyeXB0MQswCQYDVQQD\nEwJSMzAeFw0yMzA3MjQwNjU5MTJaFw0yMzEwMjIwNjU5MTFaMCYxJDAiBgNVBAMT\nG3ByZXZpZXctZGFzaGJvYXJkLnRhaGFyYS5zYTBZMBMGByqGSM49AgEGCCqGSM49\nAwEHA0IABJweFlVUxExaais64bKXVKtrgkNbrBMPBS91eDmo1/UL3jKkM57FjpOK\ncjNz6uI2Pb2AtIEJ6ycVVFPBuIXVuC2jggIzMIICLzAOBgNVHQ8BAf8EBAMCB4Aw\nHQYDVR0lBBYwFAYIKwYBBQUHAwEGCCsGAQUFBwMCMAwGA1UdEwEB/wQCMAAwHQYD\nVR0OBBYEFExG/JmzzXXtcuB7box+oEC4YHCQMB8GA1UdIwQYMBaAFBQusxe3WFbL\nrlAJQOYfr52LFMLGMFUGCCsGAQUFBwEBBEkwRzAhBggrBgEFBQcwAYYVaHR0cDov\nL3IzLm8ubGVuY3Iub3JnMCIGCCsGAQUFBzAChhZodHRwOi8vcjMuaS5sZW5jci5v\ncmcvMD0GA1UdEQQ2MDSCFXByZXZpZXctYXBwLnRhaGFyYS5zYYIbcHJldmlldy1k\nYXNoYm9hcmQudGFoYXJhLnNhMBMGA1UdIAQMMAowCAYGZ4EMAQIBMIIBAwYKKwYB\nBAHWeQIEAgSB9ASB8QDvAHYAtz77JN+cTbp18jnFulj0bF38Qs96nzXEnh0JgSXt\ntJkAAAGJhujUBwAABAMARzBFAiEAk/9xicLINY70l7z/LmFd8mle2ZHpwEAfQzra\nqcK+5XcCIHj5KWl19mELYBgOoEROcgIMrc6iY5nnmVcwWvwqkXNNAHUArfe++nz/\nEMiLnT2cHj4YarRnKV3PsQwkyoWGNOvcgooAAAGJhujUPwAABAMARjBEAiB283YO\n0E8X4l3kPft06Ab+odDymAz+a0KRu+oxIdti6gIgDLKhVEEOSLTEvfBnbaHKibS9\nwDiz80Gn9yvGTBcyF90wDQYJKoZIhvcNAQELBQADggEBABSkt+7gKEEE3kPIt8TC\nabs6jKjKvsNDw+LIcI81d/muFpK/2nVdfZXbyDQY5hh38TURFx2ioTtAWVxYzBY/\nMy/qjXydWi9EH5rjnqxRmMujyX8l36XrMZBBOhiu3wjuHx9JKQOvCe4PVhKqwDia\nHwjH6iYamc5yGGN0TkneiXRJFZghTylZw6FQENroaaMmrw2PmYixQSux+xIn/Xuj\nKm1jh2MCaZWaHCy7RGv+urfdE+pLEX+HwKghtzj3hO178whn3uri3Mv+pDc9ytk5\nPYuuiL4ExXes0IwaSBnkrRgu0x2IKiqC+lSOd0rHxLSw6KXtXFzWGmgYza/9i80y\nnn8=\n-----END CERTIFICATE-----\n",
            "certificate_chain": "-----BEGIN CERTIFICATE-----\nMIIETjCCAzagAwIBAgISBHbxVHw4JE+AFwS7m0a0X4V5MA0GCSqGSIb3DQEBCwUA\nMDIxCzAJBgNVBAYTAlVTMRYwFAYDVQQKEw1MZXQncyBFbmNyeXB0MQswCQYDVQQD\nEwJSMzAeFw0yMzA3MjQwNjU5MTJaFw0yMzEwMjIwNjU5MTFaMCYxJDAiBgNVBAMT\nG3ByZXZpZXctZGFzaGJvYXJkLnRhaGFyYS5zYTBZMBMGByqGSM49AgEGCCqGSM49\nAwEHA0IABJweFlVUxExaais64bKXVKtrgkNbrBMPBS91eDmo1/UL3jKkM57FjpOK\ncjNz6uI2Pb2AtIEJ6ycVVFPBuIXVuC2jggIzMIICLzAOBgNVHQ8BAf8EBAMCB4Aw\nHQYDVR0lBBYwFAYIKwYBBQUHAwEGCCsGAQUFBwMCMAwGA1UdEwEB/wQCMAAwHQYD\nVR0OBBYEFExG/JmzzXXtcuB7box+oEC4YHCQMB8GA1UdIwQYMBaAFBQusxe3WFbL\nrlAJQOYfr52LFMLGMFUGCCsGAQUFBwEBBEkwRzAhBggrBgEFBQcwAYYVaHR0cDov\nL3IzLm8ubGVuY3Iub3JnMCIGCCsGAQUFBzAChhZodHRwOi8vcjMuaS5sZW5jci5v\ncmcvMD0GA1UdEQQ2MDSCFXByZXZpZXctYXBwLnRhaGFyYS5zYYIbcHJldmlldy1k\nYXNoYm9hcmQudGFoYXJhLnNhMBMGA1UdIAQMMAowCAYGZ4EMAQIBMIIBAwYKKwYB\nBAHWeQIEAgSB9ASB8QDvAHYAtz77JN+cTbp18jnFulj0bF38Qs96nzXEnh0JgSXt\ntJkAAAGJhujUBwAABAMARzBFAiEAk/9xicLINY70l7z/LmFd8mle2ZHpwEAfQzra\nqcK+5XcCIHj5KWl19mELYBgOoEROcgIMrc6iY5nnmVcwWvwqkXNNAHUArfe++nz/\nEMiLnT2cHj4YarRnKV3PsQwkyoWGNOvcgooAAAGJhujUPwAABAMARjBEAiB283YO\n0E8X4l3kPft06Ab+odDymAz+a0KRu+oxIdti6gIgDLKhVEEOSLTEvfBnbaHKibS9\nwDiz80Gn9yvGTBcyF90wDQYJKoZIhvcNAQELBQADggEBABSkt+7gKEEE3kPIt8TC\nabs6jKjKvsNDw+LIcI81d/muFpK/2nVdfZXbyDQY5hh38TURFx2ioTtAWVxYzBY/\nMy/qjXydWi9EH5rjnqxRmMujyX8l36XrMZBBOhiu3wjuHx9JKQOvCe4PVhKqwDia\nHwjH6iYamc5yGGN0TkneiXRJFZghTylZw6FQENroaaMmrw2PmYixQSux+xIn/Xuj\nKm1jh2MCaZWaHCy7RGv+urfdE+pLEX+HwKghtzj3hO178whn3uri3Mv+pDc9ytk5\nPYuuiL4ExXes0IwaSBnkrRgu0x2IKiqC+lSOd0rHxLSw6KXtXFzWGmgYza/9i80y\nnn8=\n-----END CERTIFICATE-----\n-----BEGIN CERTIFICATE-----\nMIIFFjCCAv6gAwIBAgIRAJErCErPDBinU/bWLiWnX1owDQYJKoZIhvcNAQELBQAw\nTzELMAkGA1UEBhMCVVMxKTAnBgNVBAoTIEludGVybmV0IFNlY3VyaXR5IFJlc2Vh\ncmNoIEdyb3VwMRUwEwYDVQQDEwxJU1JHIFJvb3QgWDEwHhcNMjAwOTA0MDAwMDAw\nWhcNMjUwOTE1MTYwMDAwWjAyMQswCQYDVQQGEwJVUzEWMBQGA1UEChMNTGV0J3Mg\nRW5jcnlwdDELMAkGA1UEAxMCUjMwggEiMA0GCSqGSIb3DQEBAQUAA4IBDwAwggEK\nAoIBAQC7AhUozPaglNMPEuyNVZLD+ILxmaZ6QoinXSaqtSu5xUyxr45r+XXIo9cP\nR5QUVTVXjJ6oojkZ9YI8QqlObvU7wy7bjcCwXPNZOOftz2nwWgsbvsCUJCWH+jdx\nsxPnHKzhm+/b5DtFUkWWqcFTzjTIUu61ru2P3mBw4qVUq7ZtDpelQDRrK9O8Zutm\nNHz6a4uPVymZ+DAXXbpyb/uBxa3Shlg9F8fnCbvxK/eG3MHacV3URuPMrSXBiLxg\nZ3Vms/EY96Jc5lP/Ooi2R6X/ExjqmAl3P51T+c8B5fWmcBcUr2Ok/5mzk53cU6cG\n/kiFHaFpriV1uxPMUgP17VGhi9sVAgMBAAGjggEIMIIBBDAOBgNVHQ8BAf8EBAMC\nAYYwHQYDVR0lBBYwFAYIKwYBBQUHAwIGCCsGAQUFBwMBMBIGA1UdEwEB/wQIMAYB\nAf8CAQAwHQYDVR0OBBYEFBQusxe3WFbLrlAJQOYfr52LFMLGMB8GA1UdIwQYMBaA\nFHm0WeZ7tuXkAXOACIjIGlj26ZtuMDIGCCsGAQUFBwEBBCYwJDAiBggrBgEFBQcw\nAoYWaHR0cDovL3gxLmkubGVuY3Iub3JnLzAnBgNVHR8EIDAeMBygGqAYhhZodHRw\nOi8veDEuYy5sZW5jci5vcmcvMCIGA1UdIAQbMBkwCAYGZ4EMAQIBMA0GCysGAQQB\ngt8TAQEBMA0GCSqGSIb3DQEBCwUAA4ICAQCFyk5HPqP3hUSFvNVneLKYY611TR6W\nPTNlclQtgaDqw+34IL9fzLdwALduO/ZelN7kIJ+m74uyA+eitRY8kc607TkC53wl\nikfmZW4/RvTZ8M6UK+5UzhK8jCdLuMGYL6KvzXGRSgi3yLgjewQtCPkIVz6D2QQz\nCkcheAmCJ8MqyJu5zlzyZMjAvnnAT45tRAxekrsu94sQ4egdRCnbWSDtY7kh+BIm\nlJNXoB1lBMEKIq4QDUOXoRgffuDghje1WrG9ML+Hbisq/yFOGwXD9RiX8F6sw6W4\navAuvDszue5L3sz85K+EC4Y/wFVDNvZo4TYXao6Z0f+lQKc0t8DQYzk1OXVu8rp2\nyJMC6alLbBfODALZvYH7n7do1AZls4I9d1P4jnkDrQoxB3UqQ9hVl3LEKQ73xF1O\nyK5GhDDX8oVfGKF5u+decIsH4YaTw7mP3GFxJSqv3+0lUFJoi5Lc5da149p90Ids\nhCExroL1+7mryIkXPeFM5TgO9r0rvZaBFOvV2z0gp35Z0+L4WPlbuEjN/lxPFin+\nHlUjr8gRsI3qfJOQFy/9rKIJR0Y/8Omwt/8oTWgy1mdeHmmjk7j1nYsvC9JSQ6Zv\nMldlTTKB3zhThV1+XWYp6rjd5JW1zbVWEkLNxE7GJThEUG3szgBVGP7pSWTUTsqX\nnLRbwHOoq7hHwg==\n-----END CERTIFICATE-----\n-----BEGIN CERTIFICATE-----\nMIIFYDCCBEigAwIBAgIQQAF3ITfU6UK47naqPGQKtzANBgkqhkiG9w0BAQsFADA/\nMSQwIgYDVQQKExtEaWdpdGFsIFNpZ25hdHVyZSBUcnVzdCBDby4xFzAVBgNVBAMT\nDkRTVCBSb290IENBIFgzMB4XDTIxMDEyMDE5MTQwM1oXDTI0MDkzMDE4MTQwM1ow\nTzELMAkGA1UEBhMCVVMxKTAnBgNVBAoTIEludGVybmV0IFNlY3VyaXR5IFJlc2Vh\ncmNoIEdyb3VwMRUwEwYDVQQDEwxJU1JHIFJvb3QgWDEwggIiMA0GCSqGSIb3DQEB\nAQUAA4ICDwAwggIKAoICAQCt6CRz9BQ385ueK1coHIe+3LffOJCMbjzmV6B493XC\nov71am72AE8o295ohmxEk7axY/0UEmu/H9LqMZshftEzPLpI9d1537O4/xLxIZpL\nwYqGcWlKZmZsj348cL+tKSIG8+TA5oCu4kuPt5l+lAOf00eXfJlII1PoOK5PCm+D\nLtFJV4yAdLbaL9A4jXsDcCEbdfIwPPqPrt3aY6vrFk/CjhFLfs8L6P+1dy70sntK\n4EwSJQxwjQMpoOFTJOwT2e4ZvxCzSow/iaNhUd6shweU9GNx7C7ib1uYgeGJXDR5\nbHbvO5BieebbpJovJsXQEOEO3tkQjhb7t/eo98flAgeYjzYIlefiN5YNNnWe+w5y\nsR2bvAP5SQXYgd0FtCrWQemsAXaVCg/Y39W9Eh81LygXbNKYwagJZHduRze6zqxZ\nXmidf3LWicUGQSk+WT7dJvUkyRGnWqNMQB9GoZm1pzpRboY7nn1ypxIFeFntPlF4\nFQsDj43QLwWyPntKHEtzBRL8xurgUBN8Q5N0s8p0544fAQjQMNRbcTa0B7rBMDBc\nSLeCO5imfWCKoqMpgsy6vYMEG6KDA0Gh1gXxG8K28Kh8hjtGqEgqiNx2mna/H2ql\nPRmP6zjzZN7IKw0KKP/32+IVQtQi0Cdd4Xn+GOdwiK1O5tmLOsbdJ1Fu/7xk9TND\nTwIDAQABo4IBRjCCAUIwDwYDVR0TAQH/BAUwAwEB/zAOBgNVHQ8BAf8EBAMCAQYw\nSwYIKwYBBQUHAQEEPzA9MDsGCCsGAQUFBzAChi9odHRwOi8vYXBwcy5pZGVudHJ1\nc3QuY29tL3Jvb3RzL2RzdHJvb3RjYXgzLnA3YzAfBgNVHSMEGDAWgBTEp7Gkeyxx\n+tvhS5B1/8QVYIWJEDBUBgNVHSAETTBLMAgGBmeBDAECATA/BgsrBgEEAYLfEwEB\nATAwMC4GCCsGAQUFBwIBFiJodHRwOi8vY3BzLnJvb3QteDEubGV0c2VuY3J5cHQu\nb3JnMDwGA1UdHwQ1MDMwMaAvoC2GK2h0dHA6Ly9jcmwuaWRlbnRydXN0LmNvbS9E\nU1RST09UQ0FYM0NSTC5jcmwwHQYDVR0OBBYEFHm0WeZ7tuXkAXOACIjIGlj26Ztu\nMA0GCSqGSIb3DQEBCwUAA4IBAQAKcwBslm7/DlLQrt2M51oGrS+o44+/yQoDFVDC\n5WxCu2+b9LRPwkSICHXM6webFGJueN7sJ7o5XPWioW5WlHAQU7G75K/QosMrAdSW\n9MUgNTP52GE24HGNtLi1qoJFlcDyqSMo59ahy2cI2qBDLKobkx/J3vWraV0T9VuG\nWCLKTVXkcGdtwlfFRjlBz4pYg1htmf5X6DYO8A4jqv2Il9DjXA6USbW1FzXSLr9O\nhe8Y4IWS6wY7bCkjCWDcRQJMEhg76fsO3txE+FiYruq9RUWhiF1myv4Q6W+CyBFC\nDfvp7OOGAN6dEOM4+qR9sdjoSYKEBpsr6GtPAQw4dy753ec5\n-----END CERTIFICATE-----\n",
            "domain_name": "preview-dashboard.tahara.sa",
            "domain_validation_options": [],
            "early_renewal_duration": "",
            "id": "arn:aws:acm:me-central-1:996404169526:certificate/fbf9d53f-7bd8-48d4-91a8-0c260f263e36",
            "key_algorithm": "EC_prime256v1",
            "not_after": "2023-10-22T06:59:11Z",
            "not_before": "2023-07-24T06:59:12Z",
            "options": [
              {
                "certificate_transparency_logging_preference": "DISABLED"
              }
            ],
            "pending_renewal": false,
            "private_key": "-----BEGIN PRIVATE KEY-----\nMIGHAgEAMBMGByqGSM49AgEGCCqGSM49AwEHBG0wawIBAQQgkJ8GEn1MgNofTGcX\nYAQI9AD4jwKEU9G3EPGbrfy+suKhRANCAAScHhZVVMRMWmorOuGyl1Sra4JDW6wT\nDwUvdXg5qNf1C94ypDOexY6TinIzc+riNj29gLSBCesnFVRTwbiF1bgt\n-----END PRIVATE KEY-----\n",
            "renewal_eligibility": "INELIGIBLE",
            "renewal_summary": [],
            "status": "ISSUED",
            "subject_alternative_names": [
              "preview-app.tahara.sa",
              "preview-dashboard.tahara.sa"
            ],
            "tags": null,
            "tags_all": {},
            "type": "IMPORTED",
            "validation_emails": [],
            "validation_method": "NONE",
            "validation_option": []
          },
          "sensitive_attributes": [],
          "private": "bnVsbA=="
        }
      ]
    },
    {
      "mode": "managed",
      "type": "aws_ecs_service",
      "name": "preview-backend",
      "provider": "provider[\"registry.terraform.io/hashicorp/aws\"]",
      "instances": [
        {
          "schema_version": 0,
          "attributes": {
            "alarms": [],
            "capacity_provider_strategy": [],
            "cluster": "arn:aws:ecs:me-central-1:996404169526:cluster/ProdCluster",
            "deployment_circuit_breaker": [
              {
                "enable": false,
                "rollback": false
              }
            ],
            "deployment_controller": [
              {
                "type": "ECS"
              }
            ],
            "deployment_maximum_percent": 200,
            "deployment_minimum_healthy_percent": 100,
            "desired_count": 1,
            "enable_ecs_managed_tags": false,
            "enable_execute_command": false,
            "force_new_deployment": null,
            "health_check_grace_period_seconds": 0,
            "iam_role": "/aws-service-role/ecs.amazonaws.com/AWSServiceRoleForECS",
            "id": "arn:aws:ecs:me-central-1:996404169526:service/ProdCluster/preview-backend",
            "launch_type": "FARGATE",
            "load_balancer": [
              {
                "container_name": "backend",
                "container_port": 443,
                "elb_name": "",
                "target_group_arn": "arn:aws:elasticloadbalancing:me-central-1:996404169526:targetgroup/preview-backend/51f0145015231bb1"
              }
            ],
            "name": "preview-backend",
            "network_configuration": [
              {
                "assign_public_ip": false,
                "security_groups": [
                  "sg-0240e12aed92886ce"
                ],
                "subnets": [
                  "subnet-0106d7b7dd47ddfbd",
                  "subnet-0fd27e546e83a21e3"
                ]
              }
            ],
            "ordered_placement_strategy": [],
            "placement_constraints": [],
            "platform_version": "LATEST",
            "propagate_tags": "NONE",
            "scheduling_strategy": "REPLICA",
            "service_connect_configuration": [],
            "service_registries": [],
            "tags": {
              "Env": "preview"
            },
            "tags_all": {
              "Env": "preview"
            },
            "task_definition": "arn:aws:ecs:me-central-1:996404169526:task-definition/preview-backend:17",
            "timeouts": null,
            "triggers": {},
            "wait_for_steady_state": false
          },
          "sensitive_attributes": [],
          "private": "eyJlMmJmYjczMC1lY2FhLTExZTYtOGY4OC0zNDM2M2JjN2M0YzAiOnsiY3JlYXRlIjoxMjAwMDAwMDAwMDAwLCJkZWxldGUiOjEyMDAwMDAwMDAwMDAsInVwZGF0ZSI6MTIwMDAwMDAwMDAwMH19",
          "dependencies": [
            "aws_ecs_task_definition.backend",
            "aws_iam_policy.ecs-exec-preview-task-role-policy",
            "aws_iam_policy.preview-apache-pol",
            "aws_iam_policy.preview-uploads-pol",
            "aws_iam_role.ecs-exec-preview-task-role",
            "aws_lb.alp",
            "aws_lb_target_group.preview-backend",
            "aws_security_group.allow_tls",
            "aws_security_group.secgrp-backend-preview",
            "aws_security_group.secgrp-frontend-preview",
            "data.aws_ecs_cluster.ecs-cluster",
            "data.aws_efs_file_system.volume-apache",
            "data.aws_efs_file_system.volume-uploads",
            "data.aws_iam_role.execution-role",
            "data.aws_security_groups.lb_sg",
            "data.aws_security_groups.secgrp-backend-preview",
            "data.aws_security_groups.secgrp-frontend-preview",
            "data.aws_subnets.priv-subs",
            "data.aws_subnets.subs",
            "data.aws_vpcs.vpcs",
            "module.efs-1.aws_efs_access_point.permissions",
            "module.efs-1.aws_efs_file_system.efs_storage",
            "module.efs-1.aws_efs_mount_target.efs_storage_mount_target",
            "module.efs-1.aws_security_group.nfs_sg",
            "module.efs.aws_efs_access_point.permissions",
            "module.efs.aws_efs_file_system.efs_storage",
            "module.efs.aws_efs_mount_target.efs_storage_mount_target",
            "module.efs.aws_security_group.nfs_sg"
          ]
        }
      ]
    },
    {
      "mode": "managed",
      "type": "aws_ecs_service",
      "name": "preview-frontend",
      "provider": "provider[\"registry.terraform.io/hashicorp/aws\"]",
      "instances": [
        {
          "schema_version": 0,
          "attributes": {
            "alarms": [],
            "capacity_provider_strategy": [],
            "cluster": "arn:aws:ecs:me-central-1:996404169526:cluster/ProdCluster",
            "deployment_circuit_breaker": [
              {
                "enable": false,
                "rollback": false
              }
            ],
            "deployment_controller": [
              {
                "type": "ECS"
              }
            ],
            "deployment_maximum_percent": 200,
            "deployment_minimum_healthy_percent": 100,
            "desired_count": 1,
            "enable_ecs_managed_tags": false,
            "enable_execute_command": false,
            "force_new_deployment": null,
            "health_check_grace_period_seconds": 0,
            "iam_role": "/aws-service-role/ecs.amazonaws.com/AWSServiceRoleForECS",
            "id": "arn:aws:ecs:me-central-1:996404169526:service/ProdCluster/preview-frontend",
            "launch_type": "FARGATE",
            "load_balancer": [
              {
                "container_name": "frontend",
                "container_port": 3000,
                "elb_name": "",
                "target_group_arn": "arn:aws:elasticloadbalancing:me-central-1:996404169526:targetgroup/preview-frontend/52bec9d779d9477c"
              }
            ],
            "name": "preview-frontend",
            "network_configuration": [
              {
                "assign_public_ip": false,
                "security_groups": [
                  "sg-08b19c2125a16972b"
                ],
                "subnets": [
                  "subnet-0106d7b7dd47ddfbd",
                  "subnet-0fd27e546e83a21e3"
                ]
              }
            ],
            "ordered_placement_strategy": [],
            "placement_constraints": [],
            "platform_version": "LATEST",
            "propagate_tags": "NONE",
            "scheduling_strategy": "REPLICA",
            "service_connect_configuration": [],
            "service_registries": [],
            "tags": {
              "Env": "preview",
              "service": "frontend"
            },
            "tags_all": {
              "Env": "preview",
              "service": "frontend"
            },
            "task_definition": "arn:aws:ecs:me-central-1:996404169526:task-definition/preview-frontend:2",
            "timeouts": null,
            "triggers": {},
            "wait_for_steady_state": false
          },
          "sensitive_attributes": [],
          "private": "eyJlMmJmYjczMC1lY2FhLTExZTYtOGY4OC0zNDM2M2JjN2M0YzAiOnsiY3JlYXRlIjoxMjAwMDAwMDAwMDAwLCJkZWxldGUiOjEyMDAwMDAwMDAwMDAsInVwZGF0ZSI6MTIwMDAwMDAwMDAwMH19",
          "dependencies": [
            "aws_ecs_service.preview-backend",
            "aws_ecs_task_definition.backend",
            "aws_ecs_task_definition.frontend",
            "aws_iam_policy.ecs-exec-preview-task-role-policy",
            "aws_iam_policy.preview-apache-pol",
            "aws_iam_policy.preview-uploads-pol",
            "aws_iam_role.ecs-exec-preview-task-role",
            "aws_lb.alp",
            "aws_lb_target_group.preview-backend",
            "aws_lb_target_group.preview-frontend",
            "aws_security_group.allow_tls",
            "aws_security_group.secgrp-backend-preview",
            "aws_security_group.secgrp-frontend-preview",
            "data.aws_ecs_cluster.ecs-cluster",
            "data.aws_efs_file_system.volume-apache",
            "data.aws_efs_file_system.volume-uploads",
            "data.aws_iam_role.execution-role",
            "data.aws_security_groups.lb_sg",
            "data.aws_security_groups.secgrp-backend-preview",
            "data.aws_security_groups.secgrp-frontend-preview",
            "data.aws_subnets.priv-subs",
            "data.aws_subnets.subs",
            "data.aws_vpcs.vpcs",
            "module.efs-1.aws_efs_access_point.permissions",
            "module.efs-1.aws_efs_file_system.efs_storage",
            "module.efs-1.aws_efs_mount_target.efs_storage_mount_target",
            "module.efs-1.aws_security_group.nfs_sg",
            "module.efs.aws_efs_access_point.permissions",
            "module.efs.aws_efs_file_system.efs_storage",
            "module.efs.aws_efs_mount_target.efs_storage_mount_target",
            "module.efs.aws_security_group.nfs_sg"
          ]
        }
      ]
    },
    {
      "mode": "managed",
      "type": "aws_ecs_task_definition",
      "name": "backend",
      "provider": "provider[\"registry.terraform.io/hashicorp/aws\"]",
      "instances": [
        {
          "schema_version": 1,
          "attributes": {
            "arn": "arn:aws:ecs:me-central-1:996404169526:task-definition/preview-backend:17",
            "arn_without_revision": "arn:aws:ecs:me-central-1:996404169526:task-definition/preview-backend",
            "container_definitions": "[{\"cpu\":0,\"dockerLabels\":{\"env\":\"preview\"},\"environment\":[{\"name\":\"DB_CONNECTION\",\"value\":\"mysql\"},{\"name\":\"DB_DATABASE\",\"value\":\"tahara_backend\"},{\"name\":\"DB_HOST\",\"value\":\"tahara-master.ct6qrhy9qgd9.me-central-1.rds.amazonaws.com\"},{\"name\":\"DB_PASSWORD\",\"value\":\"twCKF8Mz2gYEWrQCWJce\"},{\"name\":\"DB_PORT\",\"value\":\"3306\"},{\"name\":\"DB_USERNAME\",\"value\":\"admin\"}],\"essential\":true,\"image\":\"996404169526.dkr.ecr.me-central-1.amazonaws.com/khaled-abdelhamid-inovola/tahara-backend-v8:staging\",\"logConfiguration\":{\"logDriver\":\"awslogs\",\"options\":{\"awslogs-create-group\":\"true\",\"awslogs-group\":\"/ecs/staging-backend\",\"awslogs-region\":\"me-central-1\",\"awslogs-stream-prefix\":\"ecs\"}},\"mountPoints\":[{\"containerPath\":\"/var/www/html/public/uploads\",\"readOnly\":false,\"sourceVolume\":\"uploads\"},{\"containerPath\":\"/etc/pki/tls/certs/web\",\"readOnly\":true,\"sourceVolume\":\"apache\"}],\"name\":\"backend\",\"portMappings\":[{\"containerPort\":443,\"hostPort\":443,\"name\":\"backend-443-tcp\",\"protocol\":\"tcp\"}],\"volumesFrom\":[]}]",
            "cpu": "512",
            "ephemeral_storage": [],
            "execution_role_arn": "arn:aws:iam::996404169526:role/ecsTaskExecutionRole",
            "family": "preview-backend",
            "id": "preview-backend",
            "inference_accelerator": [],
            "ipc_mode": "",
            "memory": "1024",
            "network_mode": "awsvpc",
            "pid_mode": "",
            "placement_constraints": [],
            "proxy_configuration": [],
            "requires_compatibilities": [
              "FARGATE"
            ],
            "revision": 17,
            "runtime_platform": [
              {
                "cpu_architecture": "X86_64",
                "operating_system_family": "LINUX"
              }
            ],
            "skip_destroy": false,
            "tags": {
              "Env": "preview",
              "Service": "backend"
            },
            "tags_all": {
              "Env": "preview",
              "Service": "backend"
            },
            "task_role_arn": "arn:aws:iam::996404169526:role/ecs-exec-preview-task-role",
            "volume": [
              {
                "docker_volume_configuration": [],
                "efs_volume_configuration": [
                  {
                    "authorization_config": [],
                    "file_system_id": "fs-05e09f681af78e521",
                    "root_directory": "/",
                    "transit_encryption": "",
                    "transit_encryption_port": null
                  }
                ],
                "fsx_windows_file_server_volume_configuration": [],
                "host_path": "",
                "name": "apache"
              },
              {
                "docker_volume_configuration": [],
                "efs_volume_configuration": [
                  {
                    "authorization_config": [],
                    "file_system_id": "fs-06ef6dbaa5115cbcb",
                    "root_directory": "/",
                    "transit_encryption": "",
                    "transit_encryption_port": null
                  }
                ],
                "fsx_windows_file_server_volume_configuration": [],
                "host_path": "",
                "name": "uploads"
              }
            ]
          },
          "sensitive_attributes": [],
          "private": "eyJzY2hlbWFfdmVyc2lvbiI6IjEifQ==",
          "dependencies": [
            "aws_iam_policy.ecs-exec-preview-task-role-policy",
            "aws_iam_policy.preview-apache-pol",
            "aws_iam_policy.preview-uploads-pol",
            "aws_iam_role.ecs-exec-preview-task-role",
            "aws_security_group.allow_tls",
            "aws_security_group.secgrp-backend-preview",
            "aws_security_group.secgrp-frontend-preview",
            "data.aws_efs_file_system.volume-apache",
            "data.aws_efs_file_system.volume-uploads",
            "data.aws_iam_role.execution-role",
            "data.aws_security_groups.lb_sg",
            "data.aws_security_groups.secgrp-backend-preview",
            "data.aws_security_groups.secgrp-frontend-preview",
            "data.aws_subnets.priv-subs",
            "data.aws_vpcs.vpcs",
            "module.efs-1.aws_efs_access_point.permissions",
            "module.efs-1.aws_efs_file_system.efs_storage",
            "module.efs-1.aws_efs_mount_target.efs_storage_mount_target",
            "module.efs-1.aws_security_group.nfs_sg",
            "module.efs.aws_efs_access_point.permissions",
            "module.efs.aws_efs_file_system.efs_storage",
            "module.efs.aws_efs_mount_target.efs_storage_mount_target",
            "module.efs.aws_security_group.nfs_sg"
          ]
        }
      ]
    },
    {
      "mode": "managed",
      "type": "aws_ecs_task_definition",
      "name": "frontend",
      "provider": "provider[\"registry.terraform.io/hashicorp/aws\"]",
      "instances": [
        {
          "schema_version": 1,
          "attributes": {
            "arn": "arn:aws:ecs:me-central-1:996404169526:task-definition/preview-frontend:2",
            "arn_without_revision": "arn:aws:ecs:me-central-1:996404169526:task-definition/preview-frontend",
            "container_definitions": "[{\"cpu\":0,\"environment\":[],\"environmentFiles\":[],\"essential\":true,\"image\":\"996404169526.dkr.ecr.me-central-1.amazonaws.com/khaled-abdelhamid-inovola/tahara-frontend:staging\",\"logConfiguration\":{\"logDriver\":\"awslogs\",\"options\":{\"awslogs-create-group\":\"true\",\"awslogs-group\":\"/ecs/staging-frontend\",\"awslogs-region\":\"me-central-1\",\"awslogs-stream-prefix\":\"ecs\"}},\"mountPoints\":[],\"name\":\"frontend\",\"portMappings\":[{\"containerPort\":3000,\"hostPort\":3000,\"name\":\"frontend-3000-tcp\",\"protocol\":\"tcp\"}],\"ulimits\":[],\"volumesFrom\":[]}]",
            "cpu": "512",
            "ephemeral_storage": [],
            "execution_role_arn": "arn:aws:iam::996404169526:role/ecsTaskExecutionRole",
            "family": "preview-frontend",
            "id": "preview-frontend",
            "inference_accelerator": [],
            "ipc_mode": "",
            "memory": "1024",
            "network_mode": "awsvpc",
            "pid_mode": "",
            "placement_constraints": [],
            "proxy_configuration": [],
            "requires_compatibilities": [
              "FARGATE"
            ],
            "revision": 2,
            "runtime_platform": [
              {
                "cpu_architecture": "X86_64",
                "operating_system_family": "LINUX"
              }
            ],
            "skip_destroy": false,
            "tags": {
              "Env": "preview",
              "Service": "frontend"
            },
            "tags_all": {
              "Env": "preview",
              "Service": "frontend"
            },
            "task_role_arn": "",
            "volume": []
          },
          "sensitive_attributes": [],
          "private": "eyJzY2hlbWFfdmVyc2lvbiI6IjEifQ==",
          "dependencies": [
            "aws_ecs_service.preview-backend",
            "aws_ecs_task_definition.backend",
            "aws_iam_policy.ecs-exec-preview-task-role-policy",
            "aws_iam_policy.preview-apache-pol",
            "aws_iam_policy.preview-uploads-pol",
            "aws_iam_role.ecs-exec-preview-task-role",
            "aws_lb.alp",
            "aws_lb_target_group.preview-backend",
            "aws_lb_target_group.preview-frontend",
            "aws_security_group.allow_tls",
            "aws_security_group.secgrp-backend-preview",
            "aws_security_group.secgrp-frontend-preview",
            "data.aws_ecs_cluster.ecs-cluster",
            "data.aws_efs_file_system.volume-apache",
            "data.aws_efs_file_system.volume-uploads",
            "data.aws_iam_role.execution-role",
            "data.aws_security_groups.lb_sg",
            "data.aws_security_groups.secgrp-backend-preview",
            "data.aws_security_groups.secgrp-frontend-preview",
            "data.aws_subnets.priv-subs",
            "data.aws_subnets.subs",
            "data.aws_vpcs.vpcs",
            "module.efs-1.aws_efs_access_point.permissions",
            "module.efs-1.aws_efs_file_system.efs_storage",
            "module.efs-1.aws_efs_mount_target.efs_storage_mount_target",
            "module.efs-1.aws_security_group.nfs_sg",
            "module.efs.aws_efs_access_point.permissions",
            "module.efs.aws_efs_file_system.efs_storage",
            "module.efs.aws_efs_mount_target.efs_storage_mount_target",
            "module.efs.aws_security_group.nfs_sg"
          ]
        }
      ]
    },
    {
      "mode": "managed",
      "type": "aws_iam_policy",
      "name": "ecs-exec-preview-task-role-policy",
      "provider": "provider[\"registry.terraform.io/hashicorp/aws\"]",
      "instances": [
        {
          "schema_version": 0,
          "attributes": {
            "arn": "arn:aws:iam::996404169526:policy/ecs-exec-preview-task-role-policy",
            "description": "policy to let task access log group and s3",
            "id": "arn:aws:iam::996404169526:policy/ecs-exec-preview-task-role-policy",
            "name": "ecs-exec-preview-task-role-policy",
            "name_prefix": "",
            "path": "/",
            "policy": "{\"Statement\":[{\"Action\":[\"ssmmessages:CreateControlChannel\",\"ssmmessages:CreateDataChannel\",\"ssmmessages:OpenControlChannel\",\"ssmmessages:OpenDataChannel\"],\"Effect\":\"Allow\",\"Resource\":\"*\"},{\"Action\":[\"logs:DescribeLogGroups\"],\"Effect\":\"Allow\",\"Resource\":\"*\"},{\"Action\":[\"logs:CreateLogStream\",\"logs:DescribeLogStreams\",\"logs:PutLogEvents\"],\"Effect\":\"Allow\",\"Resource\":\"arn:aws:logs:me-central-1:996404169526:log-group:/aws/ecs/ecs-exec-demo:*\"},{\"Action\":[\"s3:PutObject\"],\"Effect\":\"Allow\",\"Resource\":\"arn:aws:s3:::ecs-exec-output-3637495736/*\"},{\"Action\":[\"s3:GetEncryptionConfiguration\"],\"Effect\":\"Allow\",\"Resource\":\"arn:aws:s3:::ecs-exec-output-3637495736\"}],\"Version\":\"2012-10-17\"}",
            "policy_id": "ANPA6P7SRBM3OVLXUQ4A2",
            "tags": {
              "Env": "preview"
            },
            "tags_all": {
              "Env": "preview"
            }
          },
          "sensitive_attributes": [],
          "private": "bnVsbA=="
        }
      ]
    },
    {
      "mode": "managed",
      "type": "aws_iam_policy",
      "name": "preview-apache-pol",
      "provider": "provider[\"registry.terraform.io/hashicorp/aws\"]",
      "instances": [
        {
          "schema_version": 0,
          "attributes": {
            "arn": "arn:aws:iam::996404169526:policy/preview-apache",
            "description": "policy to let task access apache volume in preview env",
            "id": "arn:aws:iam::996404169526:policy/preview-apache",
            "name": "preview-apache",
            "name_prefix": "",
            "path": "/",
            "policy": "{\"Statement\":[{\"Action\":[\"elasticfilesystem:PutAccountPreferences\",\"elasticfilesystem:CreateFileSystem\",\"elasticfilesystem:DescribeAccountPreferences\"],\"Effect\":\"Allow\",\"Resource\":\"*\",\"Sid\":\"VisualEditor0\"},{\"Action\":\"elasticfilesystem:*\",\"Effect\":\"Allow\",\"Resource\":\"arn:aws:elasticfilesystem:me-central-1:996404169526:file-system/fs-05e09f681af78e521\",\"Sid\":\"VisualEditor1\"}],\"Version\":\"2012-10-17\"}",
            "policy_id": "ANPA6P7SRBM3L74VLQYFQ",
            "tags": {
              "Env": "preview"
            },
            "tags_all": {
              "Env": "preview"
            }
          },
          "sensitive_attributes": [],
          "private": "bnVsbA==",
          "dependencies": [
            "aws_security_group.allow_tls",
            "aws_security_group.secgrp-backend-preview",
            "aws_security_group.secgrp-frontend-preview",
            "data.aws_efs_file_system.volume-apache",
            "data.aws_security_groups.lb_sg",
            "data.aws_security_groups.secgrp-backend-preview",
            "data.aws_security_groups.secgrp-frontend-preview",
            "data.aws_subnets.priv-subs",
            "data.aws_vpcs.vpcs",
            "module.efs-1.aws_efs_access_point.permissions",
            "module.efs-1.aws_efs_file_system.efs_storage",
            "module.efs-1.aws_efs_mount_target.efs_storage_mount_target",
            "module.efs-1.aws_security_group.nfs_sg"
          ]
        }
      ]
    },
    {
      "mode": "managed",
      "type": "aws_iam_policy",
      "name": "preview-uploads-pol",
      "provider": "provider[\"registry.terraform.io/hashicorp/aws\"]",
      "instances": [
        {
          "schema_version": 0,
          "attributes": {
            "arn": "arn:aws:iam::996404169526:policy/preview-uploads",
            "description": "policy to let task access uploads volume in preview env",
            "id": "arn:aws:iam::996404169526:policy/preview-uploads",
            "name": "preview-uploads",
            "name_prefix": "",
            "path": "/",
            "policy": "{\"Statement\":[{\"Action\":[\"elasticfilesystem:PutAccountPreferences\",\"elasticfilesystem:CreateFileSystem\",\"elasticfilesystem:DescribeAccountPreferences\"],\"Effect\":\"Allow\",\"Resource\":\"*\",\"Sid\":\"VisualEditor0\"},{\"Action\":\"elasticfilesystem:*\",\"Effect\":\"Allow\",\"Resource\":\"arn:aws:elasticfilesystem:me-central-1:996404169526:file-system/fs-06ef6dbaa5115cbcb\",\"Sid\":\"VisualEditor1\"}],\"Version\":\"2012-10-17\"}",
            "policy_id": "ANPA6P7SRBM3BGS57FDSB",
            "tags": {
              "Env": "preview"
            },
            "tags_all": {
              "Env": "preview"
            }
          },
          "sensitive_attributes": [],
          "private": "bnVsbA==",
          "dependencies": [
            "aws_security_group.allow_tls",
            "aws_security_group.secgrp-backend-preview",
            "aws_security_group.secgrp-frontend-preview",
            "data.aws_efs_file_system.volume-uploads",
            "data.aws_security_groups.lb_sg",
            "data.aws_security_groups.secgrp-backend-preview",
            "data.aws_security_groups.secgrp-frontend-preview",
            "data.aws_subnets.priv-subs",
            "data.aws_vpcs.vpcs",
            "module.efs.aws_efs_access_point.permissions",
            "module.efs.aws_efs_file_system.efs_storage",
            "module.efs.aws_efs_mount_target.efs_storage_mount_target",
            "module.efs.aws_security_group.nfs_sg"
          ]
        }
      ]
    },
    {
      "mode": "managed",
      "type": "aws_iam_role",
      "name": "ecs-exec-preview-task-role",
      "provider": "provider[\"registry.terraform.io/hashicorp/aws\"]",
      "instances": [
        {
          "schema_version": 0,
          "attributes": {
            "arn": "arn:aws:iam::996404169526:role/ecs-exec-preview-task-role",
            "assume_role_policy": "{\"Statement\":[{\"Action\":\"sts:AssumeRole\",\"Effect\":\"Allow\",\"Principal\":{\"Service\":\"ecs-tasks.amazonaws.com\"}}],\"Version\":\"2012-10-17\"}",
            "create_date": "2023-07-27T10:28:33Z",
            "description": "",
            "force_detach_policies": false,
            "id": "ecs-exec-preview-task-role",
            "inline_policy": [],
            "managed_policy_arns": [
              "arn:aws:iam::996404169526:policy/ecs-exec-preview-task-role-policy",
              "arn:aws:iam::996404169526:policy/preview-apache",
              "arn:aws:iam::996404169526:policy/preview-uploads"
            ],
            "max_session_duration": 3600,
            "name": "ecs-exec-preview-task-role",
            "name_prefix": "",
            "path": "/",
            "permissions_boundary": null,
            "tags": {
              "Env": "preview",
              "Environment": "preview"
            },
            "tags_all": {
              "Env": "preview",
              "Environment": "preview"
            },
            "unique_id": "AROA6P7SRBM3CPZWQAOV5"
          },
          "sensitive_attributes": [],
          "private": "bnVsbA==",
          "dependencies": [
            "aws_iam_policy.ecs-exec-preview-task-role-policy",
            "aws_iam_policy.preview-apache-pol",
            "aws_iam_policy.preview-uploads-pol",
            "aws_security_group.allow_tls",
            "aws_security_group.secgrp-backend-preview",
            "aws_security_group.secgrp-frontend-preview",
            "data.aws_efs_file_system.volume-apache",
            "data.aws_efs_file_system.volume-uploads",
            "data.aws_security_groups.lb_sg",
            "data.aws_security_groups.secgrp-backend-preview",
            "data.aws_security_groups.secgrp-frontend-preview",
            "data.aws_subnets.priv-subs",
            "data.aws_vpcs.vpcs",
            "module.efs-1.aws_efs_access_point.permissions",
            "module.efs-1.aws_efs_file_system.efs_storage",
            "module.efs-1.aws_efs_mount_target.efs_storage_mount_target",
            "module.efs-1.aws_security_group.nfs_sg",
            "module.efs.aws_efs_access_point.permissions",
            "module.efs.aws_efs_file_system.efs_storage",
            "module.efs.aws_efs_mount_target.efs_storage_mount_target",
            "module.efs.aws_security_group.nfs_sg"
          ]
        }
      ]
    },
    {
      "mode": "managed",
      "type": "aws_lb",
      "name": "alp",
      "provider": "provider[\"registry.terraform.io/hashicorp/aws\"]",
      "instances": [
        {
          "schema_version": 0,
          "attributes": {
            "access_logs": [
              {
                "bucket": "",
                "enabled": false,
                "prefix": ""
              }
            ],
            "arn": "arn:aws:elasticloadbalancing:me-central-1:996404169526:loadbalancer/app/preview-lp/a8e5461a2759d071",
            "arn_suffix": "app/preview-lp/a8e5461a2759d071",
            "customer_owned_ipv4_pool": "",
            "desync_mitigation_mode": "defensive",
            "dns_name": "preview-lp-2007173012.me-central-1.elb.amazonaws.com",
            "drop_invalid_header_fields": false,
            "enable_cross_zone_load_balancing": true,
            "enable_deletion_protection": false,
            "enable_http2": true,
            "enable_tls_version_and_cipher_suite_headers": false,
            "enable_waf_fail_open": false,
            "enable_xff_client_port": false,
            "id": "arn:aws:elasticloadbalancing:me-central-1:996404169526:loadbalancer/app/preview-lp/a8e5461a2759d071",
            "idle_timeout": 60,
            "internal": false,
            "ip_address_type": "ipv4",
            "load_balancer_type": "application",
            "name": "preview-lp",
            "name_prefix": null,
            "preserve_host_header": false,
            "security_groups": [
              "sg-0763406322025925a"
            ],
            "subnet_mapping": [
              {
                "allocation_id": "",
                "ipv6_address": "",
                "outpost_id": "",
                "private_ipv4_address": "",
                "subnet_id": "subnet-0546331049ea2ea9c"
              },
              {
                "allocation_id": "",
                "ipv6_address": "",
                "outpost_id": "",
                "private_ipv4_address": "",
                "subnet_id": "subnet-0b78c4258e48d3666"
              }
            ],
            "subnets": [
              "subnet-0546331049ea2ea9c",
              "subnet-0b78c4258e48d3666"
            ],
            "tags": {
              "Env": "preview",
              "Environment": "preview"
            },
            "tags_all": {
              "Env": "preview",
              "Environment": "preview"
            },
            "timeouts": null,
            "vpc_id": "vpc-02fbd859e9353176a",
            "xff_header_processing_mode": "append",
            "zone_id": "Z08230872XQRWHG2XF6I"
          },
          "sensitive_attributes": [],
          "private": "eyJlMmJmYjczMC1lY2FhLTExZTYtOGY4OC0zNDM2M2JjN2M0YzAiOnsiY3JlYXRlIjo2MDAwMDAwMDAwMDAsImRlbGV0ZSI6NjAwMDAwMDAwMDAwLCJ1cGRhdGUiOjYwMDAwMDAwMDAwMH19",
          "dependencies": [
            "aws_security_group.allow_tls",
            "data.aws_security_groups.lb_sg",
            "data.aws_subnets.subs",
            "data.aws_vpcs.vpcs"
          ]
        }
      ]
    },
    {
      "mode": "managed",
      "type": "aws_lb_listener",
      "name": "preview-backend",
      "provider": "provider[\"registry.terraform.io/hashicorp/aws\"]",
      "instances": [
        {
          "schema_version": 0,
          "attributes": {
            "alpn_policy": null,
            "arn": "arn:aws:elasticloadbalancing:me-central-1:996404169526:listener/app/preview-lp/a8e5461a2759d071/d67b020445b116e4",
            "certificate_arn": "arn:aws:acm:me-central-1:996404169526:certificate/fbf9d53f-7bd8-48d4-91a8-0c260f263e36",
            "default_action": [
              {
                "authenticate_cognito": [],
                "authenticate_oidc": [],
                "fixed_response": [],
                "forward": [],
                "order": 1,
                "redirect": [],
                "target_group_arn": "arn:aws:elasticloadbalancing:me-central-1:996404169526:targetgroup/preview-backend/51f0145015231bb1",
                "type": "forward"
              }
            ],
            "id": "arn:aws:elasticloadbalancing:me-central-1:996404169526:listener/app/preview-lp/a8e5461a2759d071/d67b020445b116e4",
            "load_balancer_arn": "arn:aws:elasticloadbalancing:me-central-1:996404169526:loadbalancer/app/preview-lp/a8e5461a2759d071",
            "port": 8443,
            "protocol": "HTTPS",
            "ssl_policy": "ELBSecurityPolicy-2016-08",
            "tags": {
              "Env": "preview",
              "service": "backend"
            },
            "tags_all": {
              "Env": "preview",
              "service": "backend"
            },
            "timeouts": null
          },
          "sensitive_attributes": [],
          "private": "eyJlMmJmYjczMC1lY2FhLTExZTYtOGY4OC0zNDM2M2JjN2M0YzAiOnsicmVhZCI6NjAwMDAwMDAwMDAwfX0=",
          "dependencies": [
            "aws_acm_certificate.preview-cert",
            "aws_lb.alp",
            "aws_lb_target_group.preview-backend",
            "aws_security_group.allow_tls",
            "data.aws_security_groups.lb_sg",
            "data.aws_subnets.subs",
            "data.aws_vpcs.vpcs"
          ]
        }
      ]
    },
    {
      "mode": "managed",
      "type": "aws_lb_listener",
      "name": "preview-backend-redirect",
      "provider": "provider[\"registry.terraform.io/hashicorp/aws\"]",
      "instances": [
        {
          "schema_version": 0,
          "attributes": {
            "alpn_policy": null,
            "arn": "arn:aws:elasticloadbalancing:me-central-1:996404169526:listener/app/preview-lp/a8e5461a2759d071/0030e7f58ef494d1",
            "certificate_arn": null,
            "default_action": [
              {
                "authenticate_cognito": [],
                "authenticate_oidc": [],
                "fixed_response": [],
                "forward": [],
                "order": 1,
                "redirect": [
                  {
                    "host": "#{host}",
                    "path": "/#{path}",
                    "port": "8443",
                    "protocol": "HTTPS",
                    "query": "#{query}",
                    "status_code": "HTTP_301"
                  }
                ],
                "target_group_arn": "",
                "type": "redirect"
              }
            ],
            "id": "arn:aws:elasticloadbalancing:me-central-1:996404169526:listener/app/preview-lp/a8e5461a2759d071/0030e7f58ef494d1",
            "load_balancer_arn": "arn:aws:elasticloadbalancing:me-central-1:996404169526:loadbalancer/app/preview-lp/a8e5461a2759d071",
            "port": 8080,
            "protocol": "HTTP",
            "ssl_policy": "",
            "tags": {
              "Env": "preview",
              "service": "backend"
            },
            "tags_all": {
              "Env": "preview",
              "service": "backend"
            },
            "timeouts": null
          },
          "sensitive_attributes": [],
          "private": "eyJlMmJmYjczMC1lY2FhLTExZTYtOGY4OC0zNDM2M2JjN2M0YzAiOnsicmVhZCI6NjAwMDAwMDAwMDAwfX0=",
          "dependencies": [
            "aws_lb.alp",
            "aws_lb_target_group.preview-backend",
            "aws_security_group.allow_tls",
            "data.aws_security_groups.lb_sg",
            "data.aws_subnets.subs",
            "data.aws_vpcs.vpcs"
          ]
        }
      ]
    },
    {
      "mode": "managed",
      "type": "aws_lb_listener",
      "name": "preview-frontend",
      "provider": "provider[\"registry.terraform.io/hashicorp/aws\"]",
      "instances": [
        {
          "schema_version": 0,
          "attributes": {
            "alpn_policy": null,
            "arn": "arn:aws:elasticloadbalancing:me-central-1:996404169526:listener/app/preview-lp/a8e5461a2759d071/cc06cc7fc43023d3",
            "certificate_arn": "arn:aws:acm:me-central-1:996404169526:certificate/fbf9d53f-7bd8-48d4-91a8-0c260f263e36",
            "default_action": [
              {
                "authenticate_cognito": [],
                "authenticate_oidc": [],
                "fixed_response": [],
                "forward": [],
                "order": 1,
                "redirect": [],
                "target_group_arn": "arn:aws:elasticloadbalancing:me-central-1:996404169526:targetgroup/preview-frontend/52bec9d779d9477c",
                "type": "forward"
              }
            ],
            "id": "arn:aws:elasticloadbalancing:me-central-1:996404169526:listener/app/preview-lp/a8e5461a2759d071/cc06cc7fc43023d3",
            "load_balancer_arn": "arn:aws:elasticloadbalancing:me-central-1:996404169526:loadbalancer/app/preview-lp/a8e5461a2759d071",
            "port": 443,
            "protocol": "HTTPS",
            "ssl_policy": "ELBSecurityPolicy-2016-08",
            "tags": {
              "Env": "preview",
              "service": "frontend"
            },
            "tags_all": {
              "Env": "preview",
              "service": "frontend"
            },
            "timeouts": null
          },
          "sensitive_attributes": [],
          "private": "eyJlMmJmYjczMC1lY2FhLTExZTYtOGY4OC0zNDM2M2JjN2M0YzAiOnsicmVhZCI6NjAwMDAwMDAwMDAwfX0=",
          "dependencies": [
            "aws_acm_certificate.preview-cert",
            "aws_lb.alp",
            "aws_lb_target_group.preview-frontend",
            "aws_security_group.allow_tls",
            "data.aws_security_groups.lb_sg",
            "data.aws_subnets.subs",
            "data.aws_vpcs.vpcs"
          ]
        }
      ]
    },
    {
      "mode": "managed",
      "type": "aws_lb_listener",
      "name": "preview-frontend-redirect",
      "provider": "provider[\"registry.terraform.io/hashicorp/aws\"]",
      "instances": [
        {
          "schema_version": 0,
          "attributes": {
            "alpn_policy": null,
            "arn": "arn:aws:elasticloadbalancing:me-central-1:996404169526:listener/app/preview-lp/a8e5461a2759d071/c99aa29f2953fbc0",
            "certificate_arn": null,
            "default_action": [
              {
                "authenticate_cognito": [],
                "authenticate_oidc": [],
                "fixed_response": [],
                "forward": [],
                "order": 1,
                "redirect": [
                  {
                    "host": "#{host}",
                    "path": "/#{path}",
                    "port": "443",
                    "protocol": "HTTPS",
                    "query": "#{query}",
                    "status_code": "HTTP_301"
                  }
                ],
                "target_group_arn": "",
                "type": "redirect"
              }
            ],
            "id": "arn:aws:elasticloadbalancing:me-central-1:996404169526:listener/app/preview-lp/a8e5461a2759d071/c99aa29f2953fbc0",
            "load_balancer_arn": "arn:aws:elasticloadbalancing:me-central-1:996404169526:loadbalancer/app/preview-lp/a8e5461a2759d071",
            "port": 80,
            "protocol": "HTTP",
            "ssl_policy": "",
            "tags": {
              "Env": "preview",
              "service": "frontend"
            },
            "tags_all": {
              "Env": "preview",
              "service": "frontend"
            },
            "timeouts": null
          },
          "sensitive_attributes": [],
          "private": "eyJlMmJmYjczMC1lY2FhLTExZTYtOGY4OC0zNDM2M2JjN2M0YzAiOnsicmVhZCI6NjAwMDAwMDAwMDAwfX0=",
          "dependencies": [
            "aws_lb.alp",
            "aws_lb_target_group.preview-frontend",
            "aws_security_group.allow_tls",
            "data.aws_security_groups.lb_sg",
            "data.aws_subnets.subs",
            "data.aws_vpcs.vpcs"
          ]
        }
      ]
    },
    {
      "mode": "managed",
      "type": "aws_lb_target_group",
      "name": "preview-backend",
      "provider": "provider[\"registry.terraform.io/hashicorp/aws\"]",
      "instances": [
        {
          "schema_version": 0,
          "attributes": {
            "arn": "arn:aws:elasticloadbalancing:me-central-1:996404169526:targetgroup/preview-backend/51f0145015231bb1",
            "arn_suffix": "targetgroup/preview-backend/51f0145015231bb1",
            "connection_termination": false,
            "deregistration_delay": "300",
            "health_check": [
              {
                "enabled": true,
                "healthy_threshold": 3,
                "interval": 30,
                "matcher": "200",
                "path": "/api/check-server",
                "port": "443",
                "protocol": "HTTPS",
                "timeout": 5,
                "unhealthy_threshold": 3
              }
            ],
            "id": "arn:aws:elasticloadbalancing:me-central-1:996404169526:targetgroup/preview-backend/51f0145015231bb1",
            "ip_address_type": "ipv4",
            "lambda_multi_value_headers_enabled": false,
            "load_balancing_algorithm_type": "round_robin",
            "load_balancing_cross_zone_enabled": "use_load_balancer_configuration",
            "name": "preview-backend",
            "name_prefix": null,
            "port": 443,
            "preserve_client_ip": null,
            "protocol": "HTTPS",
            "protocol_version": "HTTP1",
            "proxy_protocol_v2": false,
            "slow_start": 0,
            "stickiness": [
              {
                "cookie_duration": 86400,
                "cookie_name": "",
                "enabled": false,
                "type": "lb_cookie"
              }
            ],
            "tags": null,
            "tags_all": {},
            "target_failover": [
              {
                "on_deregistration": null,
                "on_unhealthy": null
              }
            ],
            "target_type": "ip",
            "vpc_id": "vpc-02fbd859e9353176a"
          },
          "sensitive_attributes": [],
          "private": "bnVsbA==",
          "dependencies": [
            "aws_lb.alp",
            "aws_security_group.allow_tls",
            "data.aws_security_groups.lb_sg",
            "data.aws_subnets.subs",
            "data.aws_vpcs.vpcs"
          ]
        }
      ]
    },
    {
      "mode": "managed",
      "type": "aws_lb_target_group",
      "name": "preview-frontend",
      "provider": "provider[\"registry.terraform.io/hashicorp/aws\"]",
      "instances": [
        {
          "schema_version": 0,
          "attributes": {
            "arn": "arn:aws:elasticloadbalancing:me-central-1:996404169526:targetgroup/preview-frontend/52bec9d779d9477c",
            "arn_suffix": "targetgroup/preview-frontend/52bec9d779d9477c",
            "connection_termination": false,
            "deregistration_delay": "300",
            "health_check": [
              {
                "enabled": true,
                "healthy_threshold": 3,
                "interval": 30,
                "matcher": "200",
                "path": "/health-check",
                "port": "3000",
                "protocol": "HTTP",
                "timeout": 5,
                "unhealthy_threshold": 3
              }
            ],
            "id": "arn:aws:elasticloadbalancing:me-central-1:996404169526:targetgroup/preview-frontend/52bec9d779d9477c",
            "ip_address_type": "ipv4",
            "lambda_multi_value_headers_enabled": false,
            "load_balancing_algorithm_type": "round_robin",
            "load_balancing_cross_zone_enabled": "use_load_balancer_configuration",
            "name": "preview-frontend",
            "name_prefix": null,
            "port": 80,
            "preserve_client_ip": null,
            "protocol": "HTTP",
            "protocol_version": "HTTP1",
            "proxy_protocol_v2": false,
            "slow_start": 0,
            "stickiness": [
              {
                "cookie_duration": 86400,
                "cookie_name": "",
                "enabled": false,
                "type": "lb_cookie"
              }
            ],
            "tags": null,
            "tags_all": {},
            "target_failover": [
              {
                "on_deregistration": null,
                "on_unhealthy": null
              }
            ],
            "target_type": "ip",
            "vpc_id": "vpc-02fbd859e9353176a"
          },
          "sensitive_attributes": [],
          "private": "bnVsbA==",
          "dependencies": [
            "aws_lb.alp",
            "aws_security_group.allow_tls",
            "data.aws_security_groups.lb_sg",
            "data.aws_subnets.subs",
            "data.aws_vpcs.vpcs"
          ]
        }
      ]
    },
    {
      "mode": "managed",
      "type": "aws_route53_record",
      "name": "preview-backend-domain",
      "provider": "provider[\"registry.terraform.io/hashicorp/aws\"]",
      "instances": [
        {
          "schema_version": 2,
          "attributes": {
            "alias": [],
            "allow_overwrite": null,
            "cidr_routing_policy": [],
            "failover_routing_policy": [],
            "fqdn": "preview-dashboard.tahara.sa",
            "geolocation_routing_policy": [],
            "health_check_id": "",
            "id": "Z060870131HBCJHPPDLWH_preview-dashboard.tahara.sa_CNAME",
            "latency_routing_policy": [],
            "multivalue_answer_routing_policy": false,
            "name": "preview-dashboard.tahara.sa",
            "records": [
              "preview-lp-2007173012.me-central-1.elb.amazonaws.com"
            ],
            "set_identifier": "",
            "ttl": 60,
            "type": "CNAME",
            "weighted_routing_policy": [],
            "zone_id": "Z060870131HBCJHPPDLWH"
          },
          "sensitive_attributes": [],
          "private": "eyJzY2hlbWFfdmVyc2lvbiI6IjIifQ==",
          "dependencies": [
            "aws_lb.alp",
            "aws_security_group.allow_tls",
            "data.aws_route53_zone.zone",
            "data.aws_security_groups.lb_sg",
            "data.aws_subnets.subs",
            "data.aws_vpcs.vpcs"
          ]
        }
      ]
    },
    {
      "mode": "managed",
      "type": "aws_route53_record",
      "name": "preview-frontend-domain",
      "provider": "provider[\"registry.terraform.io/hashicorp/aws\"]",
      "instances": [
        {
          "schema_version": 2,
          "attributes": {
            "alias": [],
            "allow_overwrite": null,
            "cidr_routing_policy": [],
            "failover_routing_policy": [],
            "fqdn": "preview-app.tahara.sa",
            "geolocation_routing_policy": [],
            "health_check_id": "",
            "id": "Z060870131HBCJHPPDLWH_preview-app.tahara.sa_CNAME",
            "latency_routing_policy": [],
            "multivalue_answer_routing_policy": false,
            "name": "preview-app.tahara.sa",
            "records": [
              "preview-lp-2007173012.me-central-1.elb.amazonaws.com"
            ],
            "set_identifier": "",
            "ttl": 60,
            "type": "CNAME",
            "weighted_routing_policy": [],
            "zone_id": "Z060870131HBCJHPPDLWH"
          },
          "sensitive_attributes": [],
          "private": "eyJzY2hlbWFfdmVyc2lvbiI6IjIifQ==",
          "dependencies": [
            "aws_lb.alp",
            "aws_security_group.allow_tls",
            "data.aws_route53_zone.zone",
            "data.aws_security_groups.lb_sg",
            "data.aws_subnets.subs",
            "data.aws_vpcs.vpcs"
          ]
        }
      ]
    },
    {
      "mode": "managed",
      "type": "aws_security_group",
      "name": "allow_tls",
      "provider": "provider[\"registry.terraform.io/hashicorp/aws\"]",
      "instances": [
        {
          "schema_version": 1,
          "attributes": {
            "arn": "arn:aws:ec2:me-central-1:996404169526:security-group/sg-0763406322025925a",
            "description": "Allow Http/s inbound traffic",
            "egress": [
              {
                "cidr_blocks": [
                  "0.0.0.0/0"
                ],
                "description": "",
                "from_port": 0,
                "ipv6_cidr_blocks": [
                  "::/0"
                ],
                "prefix_list_ids": [],
                "protocol": "-1",
                "security_groups": [],
                "self": false,
                "to_port": 0
              }
            ],
            "id": "sg-0763406322025925a",
            "ingress": [
              {
                "cidr_blocks": [
                  "0.0.0.0/0"
                ],
                "description": "Http from Outside world",
                "from_port": 8080,
                "ipv6_cidr_blocks": [
                  "::/0"
                ],
                "prefix_list_ids": [],
                "protocol": "tcp",
                "security_groups": [],
                "self": false,
                "to_port": 8080
              },
              {
                "cidr_blocks": [
                  "0.0.0.0/0"
                ],
                "description": "Http from Outside world",
                "from_port": 80,
                "ipv6_cidr_blocks": [
                  "::/0"
                ],
                "prefix_list_ids": [],
                "protocol": "tcp",
                "security_groups": [],
                "self": false,
                "to_port": 80
              },
              {
                "cidr_blocks": [
                  "0.0.0.0/0"
                ],
                "description": "Https from Outside world",
                "from_port": 443,
                "ipv6_cidr_blocks": [
                  "::/0"
                ],
                "prefix_list_ids": [],
                "protocol": "tcp",
                "security_groups": [],
                "self": false,
                "to_port": 443
              },
              {
                "cidr_blocks": [
                  "0.0.0.0/0"
                ],
                "description": "Https from Outside world",
                "from_port": 8443,
                "ipv6_cidr_blocks": [
                  "::/0"
                ],
                "prefix_list_ids": [],
                "protocol": "tcp",
                "security_groups": [],
                "self": false,
                "to_port": 8443
              }
            ],
            "name": "Preview LP sec grp",
            "name_prefix": "",
            "owner_id": "996404169526",
            "revoke_rules_on_delete": false,
            "tags": {
              "Env": "Preview",
              "Name": "secgrp-ALP-preview"
            },
            "tags_all": {
              "Env": "Preview",
              "Name": "secgrp-ALP-preview"
            },
            "timeouts": null,
            "vpc_id": "vpc-02fbd859e9353176a"
          },
          "sensitive_attributes": [],
          "private": "eyJlMmJmYjczMC1lY2FhLTExZTYtOGY4OC0zNDM2M2JjN2M0YzAiOnsiY3JlYXRlIjo2MDAwMDAwMDAwMDAsImRlbGV0ZSI6OTAwMDAwMDAwMDAwfSwic2NoZW1hX3ZlcnNpb24iOiIxIn0=",
          "dependencies": [
            "data.aws_vpcs.vpcs"
          ]
        }
      ]
    },
    {
      "mode": "managed",
      "type": "aws_security_group",
      "name": "secgrp-backend-preview",
      "provider": "provider[\"registry.terraform.io/hashicorp/aws\"]",
      "instances": [
        {
          "schema_version": 1,
          "attributes": {
            "arn": "arn:aws:ec2:me-central-1:996404169526:security-group/sg-0240e12aed92886ce",
            "description": "sec group used by backend in preview env",
            "egress": [
              {
                "cidr_blocks": [
                  "0.0.0.0/0"
                ],
                "description": "",
                "from_port": 0,
                "ipv6_cidr_blocks": [
                  "::/0"
                ],
                "prefix_list_ids": [],
                "protocol": "-1",
                "security_groups": [],
                "self": false,
                "to_port": 0
              }
            ],
            "id": "sg-0240e12aed92886ce",
            "ingress": [
              {
                "cidr_blocks": [],
                "description": "Allow frontend \u0026 loadbalancer to access backend",
                "from_port": 443,
                "ipv6_cidr_blocks": [],
                "prefix_list_ids": [],
                "protocol": "tcp",
                "security_groups": [
                  "sg-0763406322025925a",
                  "sg-08b19c2125a16972b"
                ],
                "self": false,
                "to_port": 443
              }
            ],
            "name": "secgrp-backend-preview",
            "name_prefix": "",
            "owner_id": "996404169526",
            "revoke_rules_on_delete": false,
            "tags": {
              "Env": "preview",
              "Environment": "preview",
              "Name": "secgrp-backend-preview"
            },
            "tags_all": {
              "Env": "preview",
              "Environment": "preview",
              "Name": "secgrp-backend-preview"
            },
            "timeouts": null,
            "vpc_id": "vpc-02fbd859e9353176a"
          },
          "sensitive_attributes": [],
          "private": "eyJlMmJmYjczMC1lY2FhLTExZTYtOGY4OC0zNDM2M2JjN2M0YzAiOnsiY3JlYXRlIjo2MDAwMDAwMDAwMDAsImRlbGV0ZSI6OTAwMDAwMDAwMDAwfSwic2NoZW1hX3ZlcnNpb24iOiIxIn0=",
          "dependencies": [
            "aws_security_group.allow_tls",
            "aws_security_group.secgrp-frontend-preview",
            "data.aws_security_groups.lb_sg",
            "data.aws_security_groups.secgrp-frontend-preview",
            "data.aws_vpcs.vpcs"
          ]
        }
      ]
    },
    {
      "mode": "managed",
      "type": "aws_security_group",
      "name": "secgrp-frontend-preview",
      "provider": "provider[\"registry.terraform.io/hashicorp/aws\"]",
      "instances": [
        {
          "schema_version": 1,
          "attributes": {
            "arn": "arn:aws:ec2:me-central-1:996404169526:security-group/sg-08b19c2125a16972b",
            "description": "sec group used by frontend in preview env",
            "egress": [
              {
                "cidr_blocks": [
                  "0.0.0.0/0"
                ],
                "description": "",
                "from_port": 0,
                "ipv6_cidr_blocks": [
                  "::/0"
                ],
                "prefix_list_ids": [],
                "protocol": "-1",
                "security_groups": [],
                "self": false,
                "to_port": 0
              }
            ],
            "id": "sg-08b19c2125a16972b",
            "ingress": [
              {
                "cidr_blocks": [],
                "description": "Allow ALP to access frontend",
                "from_port": 3000,
                "ipv6_cidr_blocks": [],
                "prefix_list_ids": [],
                "protocol": "tcp",
                "security_groups": [
                  "sg-0763406322025925a"
                ],
                "self": false,
                "to_port": 3000
              }
            ],
            "name": "secgrp-frontend-preview",
            "name_prefix": "",
            "owner_id": "996404169526",
            "revoke_rules_on_delete": false,
            "tags": {
              "Env": "preview",
              "Name": "secgrp-frontend-preview"
            },
            "tags_all": {
              "Env": "preview",
              "Name": "secgrp-frontend-preview"
            },
            "timeouts": null,
            "vpc_id": "vpc-02fbd859e9353176a"
          },
          "sensitive_attributes": [],
          "private": "eyJlMmJmYjczMC1lY2FhLTExZTYtOGY4OC0zNDM2M2JjN2M0YzAiOnsiY3JlYXRlIjo2MDAwMDAwMDAwMDAsImRlbGV0ZSI6OTAwMDAwMDAwMDAwfSwic2NoZW1hX3ZlcnNpb24iOiIxIn0=",
          "dependencies": [
            "aws_security_group.allow_tls",
            "data.aws_security_groups.lb_sg",
            "data.aws_vpcs.vpcs"
          ]
        }
      ]
    },
    {
      "mode": "managed",
      "type": "aws_security_group_rule",
      "name": "rds-sec-rule",
      "provider": "provider[\"registry.terraform.io/hashicorp/aws\"]",
      "instances": [
        {
          "schema_version": 2,
          "attributes": {
            "cidr_blocks": null,
            "description": "Allowing preview backend to use testing RDS",
            "from_port": 3306,
            "id": "sgrule-2629913177",
            "ipv6_cidr_blocks": null,
            "prefix_list_ids": null,
            "protocol": "tcp",
            "security_group_id": "sg-0b7f30c646fa09ab3",
            "security_group_rule_id": "sgr-0c60aecec42936c53",
            "self": false,
            "source_security_group_id": "sg-0240e12aed92886ce",
            "timeouts": null,
            "to_port": 3306,
            "type": "ingress"
          },
          "sensitive_attributes": [],
          "private": "eyJlMmJmYjczMC1lY2FhLTExZTYtOGY4OC0zNDM2M2JjN2M0YzAiOnsiY3JlYXRlIjozMDAwMDAwMDAwMDB9LCJzY2hlbWFfdmVyc2lvbiI6IjIifQ==",
          "dependencies": [
            "aws_security_group.allow_tls",
            "aws_security_group.secgrp-backend-preview",
            "aws_security_group.secgrp-frontend-preview",
            "data.aws_security_group.secgrp-RDS-testing",
            "data.aws_security_groups.lb_sg",
            "data.aws_security_groups.secgrp-backend-preview",
            "data.aws_security_groups.secgrp-frontend-preview",
            "data.aws_vpcs.vpcs"
          ]
        }
      ]
    },
    {
      "mode": "managed",
      "type": "aws_security_group_rule",
      "name": "redis-sec-rule",
      "provider": "provider[\"registry.terraform.io/hashicorp/aws\"]",
      "instances": [
        {
          "schema_version": 2,
          "attributes": {
            "cidr_blocks": null,
            "description": "Allow preview backend to use testing REDIS",
            "from_port": 6379,
            "id": "sgrule-1197554352",
            "ipv6_cidr_blocks": null,
            "prefix_list_ids": null,
            "protocol": "tcp",
            "security_group_id": "sg-0c2f4ed74feba0757",
            "security_group_rule_id": "sgr-05316b436f15c14da",
            "self": false,
            "source_security_group_id": "sg-0240e12aed92886ce",
            "timeouts": null,
            "to_port": 6379,
            "type": "ingress"
          },
          "sensitive_attributes": [],
          "private": "eyJlMmJmYjczMC1lY2FhLTExZTYtOGY4OC0zNDM2M2JjN2M0YzAiOnsiY3JlYXRlIjozMDAwMDAwMDAwMDB9LCJzY2hlbWFfdmVyc2lvbiI6IjIifQ==",
          "dependencies": [
            "aws_security_group.allow_tls",
            "aws_security_group.secgrp-backend-preview",
            "aws_security_group.secgrp-frontend-preview",
            "data.aws_security_group.secgrp-REDIS-testing",
            "data.aws_security_groups.lb_sg",
            "data.aws_security_groups.secgrp-backend-preview",
            "data.aws_security_groups.secgrp-frontend-preview",
            "data.aws_vpcs.vpcs"
          ]
        }
      ]
    },
    {
      "module": "module.efs",
      "mode": "managed",
      "type": "aws_efs_file_system",
      "name": "efs_storage",
      "provider": "provider[\"registry.terraform.io/hashicorp/aws\"]",
      "instances": [
        {
          "schema_version": 0,
          "attributes": {
            "arn": "arn:aws:elasticfilesystem:me-central-1:996404169526:file-system/fs-06ef6dbaa5115cbcb",
            "availability_zone_id": "",
            "availability_zone_name": "",
            "creation_token": "preview-uploads-efs",
            "dns_name": "fs-06ef6dbaa5115cbcb.efs.me-central-1.amazonaws.com",
            "encrypted": true,
            "id": "fs-06ef6dbaa5115cbcb",
            "kms_key_id": "arn:aws:kms:me-central-1:996404169526:key/dffc45bf-b023-4ce0-9f2f-aad86d3e0892",
            "lifecycle_policy": [],
            "number_of_mount_targets": 0,
            "owner_id": "996404169526",
            "performance_mode": "generalPurpose",
            "provisioned_throughput_in_mibps": 0,
            "size_in_bytes": [
              {
                "value": 6144,
                "value_in_ia": 0,
                "value_in_standard": 6144
              }
            ],
            "tags": {
              "Environment": "preview",
              "Name": "preview-uploads"
            },
            "tags_all": {
              "Environment": "preview",
              "Name": "preview-uploads"
            },
            "throughput_mode": "bursting"
          },
          "sensitive_attributes": [],
          "private": "bnVsbA==",
          "dependencies": [
            "aws_security_group.allow_tls",
            "aws_security_group.secgrp-backend-preview",
            "aws_security_group.secgrp-frontend-preview",
            "data.aws_security_groups.lb_sg",
            "data.aws_security_groups.secgrp-frontend-preview",
            "data.aws_vpcs.vpcs"
          ]
        }
      ]
    },
    {
      "module": "module.efs",
      "mode": "managed",
      "type": "aws_efs_mount_target",
      "name": "efs_storage_mount_target",
      "provider": "provider[\"registry.terraform.io/hashicorp/aws\"]",
      "instances": [
        {
          "index_key": 0,
          "schema_version": 0,
          "attributes": {
            "availability_zone_id": "mec1-az2",
            "availability_zone_name": "me-central-1b",
            "dns_name": "fs-06ef6dbaa5115cbcb.efs.me-central-1.amazonaws.com",
            "file_system_arn": "arn:aws:elasticfilesystem:me-central-1:996404169526:file-system/fs-06ef6dbaa5115cbcb",
            "file_system_id": "fs-06ef6dbaa5115cbcb",
            "id": "fsmt-0e1dc5c83f8734ece",
            "ip_address": "10.0.149.49",
            "mount_target_dns_name": "me-central-1b.fs-06ef6dbaa5115cbcb.efs.me-central-1.amazonaws.com",
            "network_interface_id": "eni-0e1d4a3e008c1e0e7",
            "owner_id": "996404169526",
            "security_groups": [
              "sg-08fb6a37884f372a7"
            ],
            "subnet_id": "subnet-0fd27e546e83a21e3",
            "timeouts": null
          },
          "sensitive_attributes": [],
          "private": "eyJlMmJmYjczMC1lY2FhLTExZTYtOGY4OC0zNDM2M2JjN2M0YzAiOnsiY3JlYXRlIjoxODAwMDAwMDAwMDAwLCJkZWxldGUiOjYwMDAwMDAwMDAwMH19",
          "dependencies": [
            "aws_security_group.allow_tls",
            "aws_security_group.secgrp-backend-preview",
            "aws_security_group.secgrp-frontend-preview",
            "data.aws_security_groups.lb_sg",
            "data.aws_security_groups.secgrp-backend-preview",
            "data.aws_security_groups.secgrp-frontend-preview",
            "data.aws_subnets.priv-subs",
            "data.aws_vpcs.vpcs",
            "module.efs.aws_efs_file_system.efs_storage",
            "module.efs.aws_security_group.nfs_sg"
          ]
        },
        {
          "index_key": 1,
          "schema_version": 0,
          "attributes": {
            "availability_zone_id": "mec1-az1",
            "availability_zone_name": "me-central-1a",
            "dns_name": "fs-06ef6dbaa5115cbcb.efs.me-central-1.amazonaws.com",
            "file_system_arn": "arn:aws:elasticfilesystem:me-central-1:996404169526:file-system/fs-06ef6dbaa5115cbcb",
            "file_system_id": "fs-06ef6dbaa5115cbcb",
            "id": "fsmt-0d948473146ad5f3b",
            "ip_address": "10.0.139.236",
            "mount_target_dns_name": "me-central-1a.fs-06ef6dbaa5115cbcb.efs.me-central-1.amazonaws.com",
            "network_interface_id": "eni-0b40359087a2cafbd",
            "owner_id": "996404169526",
            "security_groups": [
              "sg-08fb6a37884f372a7"
            ],
            "subnet_id": "subnet-0106d7b7dd47ddfbd",
            "timeouts": null
          },
          "sensitive_attributes": [],
          "private": "eyJlMmJmYjczMC1lY2FhLTExZTYtOGY4OC0zNDM2M2JjN2M0YzAiOnsiY3JlYXRlIjoxODAwMDAwMDAwMDAwLCJkZWxldGUiOjYwMDAwMDAwMDAwMH19",
          "dependencies": [
            "aws_security_group.allow_tls",
            "aws_security_group.secgrp-backend-preview",
            "aws_security_group.secgrp-frontend-preview",
            "data.aws_security_groups.lb_sg",
            "data.aws_security_groups.secgrp-backend-preview",
            "data.aws_security_groups.secgrp-frontend-preview",
            "data.aws_subnets.priv-subs",
            "data.aws_vpcs.vpcs",
            "module.efs.aws_efs_file_system.efs_storage",
            "module.efs.aws_security_group.nfs_sg"
          ]
        }
      ]
    },
    {
      "module": "module.efs",
      "mode": "managed",
      "type": "aws_security_group",
      "name": "nfs_sg",
      "provider": "provider[\"registry.terraform.io/hashicorp/aws\"]",
      "instances": [
        {
          "schema_version": 1,
          "attributes": {
            "arn": "arn:aws:ec2:me-central-1:996404169526:security-group/sg-08fb6a37884f372a7",
            "description": "Managed by Terraform",
            "egress": [
              {
                "cidr_blocks": [],
                "description": "",
                "from_port": 0,
                "ipv6_cidr_blocks": [],
                "prefix_list_ids": [],
                "protocol": "-1",
                "security_groups": [
                  "sg-0240e12aed92886ce",
                  "sg-07e7efdd88a429620"
                ],
                "self": false,
                "to_port": 0
              }
            ],
            "id": "sg-08fb6a37884f372a7",
            "ingress": [
              {
                "cidr_blocks": [],
                "description": "",
                "from_port": 2049,
                "ipv6_cidr_blocks": [],
                "prefix_list_ids": [],
                "protocol": "tcp",
                "security_groups": [
                  "sg-0240e12aed92886ce",
                  "sg-07e7efdd88a429620"
                ],
                "self": false,
                "to_port": 2049
              }
            ],
            "name": "preview-uploads-sg",
            "name_prefix": "",
            "owner_id": "996404169526",
            "revoke_rules_on_delete": false,
            "tags": {
              "Environment": "preview",
              "Name": "preview-uploads"
            },
            "tags_all": {
              "Environment": "preview",
              "Name": "preview-uploads"
            },
            "timeouts": null,
            "vpc_id": "vpc-02fbd859e9353176a"
          },
          "sensitive_attributes": [],
          "private": "eyJlMmJmYjczMC1lY2FhLTExZTYtOGY4OC0zNDM2M2JjN2M0YzAiOnsiY3JlYXRlIjo2MDAwMDAwMDAwMDAsImRlbGV0ZSI6OTAwMDAwMDAwMDAwfSwic2NoZW1hX3ZlcnNpb24iOiIxIn0=",
          "dependencies": [
            "aws_security_group.allow_tls",
            "aws_security_group.secgrp-backend-preview",
            "aws_security_group.secgrp-frontend-preview",
            "data.aws_security_groups.lb_sg",
            "data.aws_security_groups.secgrp-backend-preview",
            "data.aws_security_groups.secgrp-frontend-preview",
            "data.aws_vpcs.vpcs"
          ]
        }
      ]
    },
    {
      "module": "module.efs-1",
      "mode": "managed",
      "type": "aws_efs_file_system",
      "name": "efs_storage",
      "provider": "provider[\"registry.terraform.io/hashicorp/aws\"]",
      "instances": [
        {
          "schema_version": 0,
          "attributes": {
            "arn": "arn:aws:elasticfilesystem:me-central-1:996404169526:file-system/fs-05e09f681af78e521",
            "availability_zone_id": "",
            "availability_zone_name": "",
            "creation_token": "preview-apache-efs",
            "dns_name": "fs-05e09f681af78e521.efs.me-central-1.amazonaws.com",
            "encrypted": true,
            "id": "fs-05e09f681af78e521",
            "kms_key_id": "arn:aws:kms:me-central-1:996404169526:key/dffc45bf-b023-4ce0-9f2f-aad86d3e0892",
            "lifecycle_policy": [],
            "number_of_mount_targets": 0,
            "owner_id": "996404169526",
            "performance_mode": "generalPurpose",
            "provisioned_throughput_in_mibps": 0,
            "size_in_bytes": [
              {
                "value": 6144,
                "value_in_ia": 0,
                "value_in_standard": 6144
              }
            ],
            "tags": {
              "Environment": "preview",
              "Name": "preview-apache"
            },
            "tags_all": {
              "Environment": "preview",
              "Name": "preview-apache"
            },
            "throughput_mode": "bursting"
          },
          "sensitive_attributes": [],
          "private": "bnVsbA==",
          "dependencies": [
            "aws_security_group.allow_tls",
            "aws_security_group.secgrp-backend-preview",
            "aws_security_group.secgrp-frontend-preview",
            "data.aws_security_groups.lb_sg",
            "data.aws_security_groups.secgrp-frontend-preview",
            "data.aws_vpcs.vpcs"
          ]
        }
      ]
    },
    {
      "module": "module.efs-1",
      "mode": "managed",
      "type": "aws_efs_mount_target",
      "name": "efs_storage_mount_target",
      "provider": "provider[\"registry.terraform.io/hashicorp/aws\"]",
      "instances": [
        {
          "index_key": 0,
          "schema_version": 0,
          "attributes": {
            "availability_zone_id": "mec1-az2",
            "availability_zone_name": "me-central-1b",
            "dns_name": "fs-05e09f681af78e521.efs.me-central-1.amazonaws.com",
            "file_system_arn": "arn:aws:elasticfilesystem:me-central-1:996404169526:file-system/fs-05e09f681af78e521",
            "file_system_id": "fs-05e09f681af78e521",
            "id": "fsmt-060ae18568625251c",
            "ip_address": "10.0.146.108",
            "mount_target_dns_name": "me-central-1b.fs-05e09f681af78e521.efs.me-central-1.amazonaws.com",
            "network_interface_id": "eni-01138a7f36901a4da",
            "owner_id": "996404169526",
            "security_groups": [
              "sg-0c6d72d06945172a3"
            ],
            "subnet_id": "subnet-0fd27e546e83a21e3",
            "timeouts": null
          },
          "sensitive_attributes": [],
          "private": "eyJlMmJmYjczMC1lY2FhLTExZTYtOGY4OC0zNDM2M2JjN2M0YzAiOnsiY3JlYXRlIjoxODAwMDAwMDAwMDAwLCJkZWxldGUiOjYwMDAwMDAwMDAwMH19",
          "dependencies": [
            "aws_security_group.allow_tls",
            "aws_security_group.secgrp-backend-preview",
            "aws_security_group.secgrp-frontend-preview",
            "data.aws_security_groups.lb_sg",
            "data.aws_security_groups.secgrp-backend-preview",
            "data.aws_security_groups.secgrp-frontend-preview",
            "data.aws_subnets.priv-subs",
            "data.aws_vpcs.vpcs",
            "module.efs-1.aws_efs_file_system.efs_storage",
            "module.efs-1.aws_security_group.nfs_sg"
          ]
        },
        {
          "index_key": 1,
          "schema_version": 0,
          "attributes": {
            "availability_zone_id": "mec1-az1",
            "availability_zone_name": "me-central-1a",
            "dns_name": "fs-05e09f681af78e521.efs.me-central-1.amazonaws.com",
            "file_system_arn": "arn:aws:elasticfilesystem:me-central-1:996404169526:file-system/fs-05e09f681af78e521",
            "file_system_id": "fs-05e09f681af78e521",
            "id": "fsmt-0a30261f15bcfc0bc",
            "ip_address": "10.0.132.56",
            "mount_target_dns_name": "me-central-1a.fs-05e09f681af78e521.efs.me-central-1.amazonaws.com",
            "network_interface_id": "eni-00b9486e40ff55846",
            "owner_id": "996404169526",
            "security_groups": [
              "sg-0c6d72d06945172a3"
            ],
            "subnet_id": "subnet-0106d7b7dd47ddfbd",
            "timeouts": null
          },
          "sensitive_attributes": [],
          "private": "eyJlMmJmYjczMC1lY2FhLTExZTYtOGY4OC0zNDM2M2JjN2M0YzAiOnsiY3JlYXRlIjoxODAwMDAwMDAwMDAwLCJkZWxldGUiOjYwMDAwMDAwMDAwMH19",
          "dependencies": [
            "aws_security_group.allow_tls",
            "aws_security_group.secgrp-backend-preview",
            "aws_security_group.secgrp-frontend-preview",
            "data.aws_security_groups.lb_sg",
            "data.aws_security_groups.secgrp-backend-preview",
            "data.aws_security_groups.secgrp-frontend-preview",
            "data.aws_subnets.priv-subs",
            "data.aws_vpcs.vpcs",
            "module.efs-1.aws_efs_file_system.efs_storage",
            "module.efs-1.aws_security_group.nfs_sg"
          ]
        }
      ]
    },
    {
      "module": "module.efs-1",
      "mode": "managed",
      "type": "aws_security_group",
      "name": "nfs_sg",
      "provider": "provider[\"registry.terraform.io/hashicorp/aws\"]",
      "instances": [
        {
          "schema_version": 1,
          "attributes": {
            "arn": "arn:aws:ec2:me-central-1:996404169526:security-group/sg-0c6d72d06945172a3",
            "description": "Managed by Terraform",
            "egress": [
              {
                "cidr_blocks": [],
                "description": "",
                "from_port": 0,
                "ipv6_cidr_blocks": [],
                "prefix_list_ids": [],
                "protocol": "-1",
                "security_groups": [
                  "sg-0240e12aed92886ce",
                  "sg-07e7efdd88a429620"
                ],
                "self": false,
                "to_port": 0
              }
            ],
            "id": "sg-0c6d72d06945172a3",
            "ingress": [
              {
                "cidr_blocks": [],
                "description": "",
                "from_port": 2049,
                "ipv6_cidr_blocks": [],
                "prefix_list_ids": [],
                "protocol": "tcp",
                "security_groups": [
                  "sg-0240e12aed92886ce",
                  "sg-07e7efdd88a429620"
                ],
                "self": false,
                "to_port": 2049
              }
            ],
            "name": "preview-apache-sg",
            "name_prefix": "",
            "owner_id": "996404169526",
            "revoke_rules_on_delete": false,
            "tags": {
              "Environment": "preview",
              "Name": "preview-apache"
            },
            "tags_all": {
              "Environment": "preview",
              "Name": "preview-apache"
            },
            "timeouts": null,
            "vpc_id": "vpc-02fbd859e9353176a"
          },
          "sensitive_attributes": [],
          "private": "eyJlMmJmYjczMC1lY2FhLTExZTYtOGY4OC0zNDM2M2JjN2M0YzAiOnsiY3JlYXRlIjo2MDAwMDAwMDAwMDAsImRlbGV0ZSI6OTAwMDAwMDAwMDAwfSwic2NoZW1hX3ZlcnNpb24iOiIxIn0=",
          "dependencies": [
            "aws_security_group.allow_tls",
            "aws_security_group.secgrp-backend-preview",
            "aws_security_group.secgrp-frontend-preview",
            "data.aws_security_groups.lb_sg",
            "data.aws_security_groups.secgrp-backend-preview",
            "data.aws_security_groups.secgrp-frontend-preview",
            "data.aws_vpcs.vpcs"
          ]
        }
      ]
    }
  ],
  "check_results": null
}
